// !$*UTF8*$!
{
	archiveVersion = 1;
	classes = {
	};
	objectVersion = 46;
	objects = {

/* Begin PBXBuildFile section */
		CB3193F71D56CF8D00A36C51 /* C012.swift in Sources */ = {isa = PBXBuildFile; fileRef = CB3193371D56CF8D00A36C51 /* C012.swift */; };
		CB3193F81D56CF8D00A36C51 /* C013.swift in Sources */ = {isa = PBXBuildFile; fileRef = CB3193381D56CF8D00A36C51 /* C013.swift */; };
		CB3193F91D56CF8D00A36C51 /* C014.swift in Sources */ = {isa = PBXBuildFile; fileRef = CB3193391D56CF8D00A36C51 /* C014.swift */; };
		CB3193FA1D56CF8D00A36C51 /* C015.swift in Sources */ = {isa = PBXBuildFile; fileRef = CB31933A1D56CF8D00A36C51 /* C015.swift */; };
		CB3193FB1D56CF8D00A36C51 /* C016.swift in Sources */ = {isa = PBXBuildFile; fileRef = CB31933B1D56CF8D00A36C51 /* C016.swift */; };
		CB3193FC1D56CF8D00A36C51 /* C017.swift in Sources */ = {isa = PBXBuildFile; fileRef = CB31933C1D56CF8D00A36C51 /* C017.swift */; };
		CB3193FD1D56CF8D00A36C51 /* C018.swift in Sources */ = {isa = PBXBuildFile; fileRef = CB31933D1D56CF8D00A36C51 /* C018.swift */; };
		CB3193FE1D56CF8D00A36C51 /* C019.swift in Sources */ = {isa = PBXBuildFile; fileRef = CB31933E1D56CF8D00A36C51 /* C019.swift */; };
		CB3193FF1D56CF8D00A36C51 /* C020.swift in Sources */ = {isa = PBXBuildFile; fileRef = CB31933F1D56CF8D00A36C51 /* C020.swift */; };
		CB3194001D56CF8D00A36C51 /* C021.swift in Sources */ = {isa = PBXBuildFile; fileRef = CB3193401D56CF8D00A36C51 /* C021.swift */; };
		CB3194011D56CF8D00A36C51 /* C022.swift in Sources */ = {isa = PBXBuildFile; fileRef = CB3193411D56CF8D00A36C51 /* C022.swift */; };
		CB3194021D56CF8D00A36C51 /* C023.swift in Sources */ = {isa = PBXBuildFile; fileRef = CB3193421D56CF8D00A36C51 /* C023.swift */; };
		CB3194031D56CF8D00A36C51 /* C024.swift in Sources */ = {isa = PBXBuildFile; fileRef = CB3193431D56CF8D00A36C51 /* C024.swift */; };
		CB3194041D56CF8D00A36C51 /* C025.swift in Sources */ = {isa = PBXBuildFile; fileRef = CB3193441D56CF8D00A36C51 /* C025.swift */; };
		CB3194051D56CF8D00A36C51 /* C026.swift in Sources */ = {isa = PBXBuildFile; fileRef = CB3193451D56CF8D00A36C51 /* C026.swift */; };
		CB3194061D56CF8D00A36C51 /* C027.swift in Sources */ = {isa = PBXBuildFile; fileRef = CB3193461D56CF8D00A36C51 /* C027.swift */; };
		CB3194071D56CF8D00A36C51 /* C028.swift in Sources */ = {isa = PBXBuildFile; fileRef = CB3193471D56CF8D00A36C51 /* C028.swift */; };
		CB3194081D56CF8D00A36C51 /* C029.swift in Sources */ = {isa = PBXBuildFile; fileRef = CB3193481D56CF8D00A36C51 /* C029.swift */; };
		CB3194091D56CF8D00A36C51 /* C030.swift in Sources */ = {isa = PBXBuildFile; fileRef = CB3193491D56CF8D00A36C51 /* C030.swift */; };
		CB31940A1D56CF8D00A36C51 /* C031.swift in Sources */ = {isa = PBXBuildFile; fileRef = CB31934A1D56CF8D00A36C51 /* C031.swift */; };
		CB31940B1D56CF8D00A36C51 /* C032.swift in Sources */ = {isa = PBXBuildFile; fileRef = CB31934B1D56CF8D00A36C51 /* C032.swift */; };
		CB31940C1D56CF8D00A36C51 /* C034.swift in Sources */ = {isa = PBXBuildFile; fileRef = CB31934C1D56CF8D00A36C51 /* C034.swift */; };
		CB31940D1D56CF8D00A36C51 /* C035.swift in Sources */ = {isa = PBXBuildFile; fileRef = CB31934D1D56CF8D00A36C51 /* C035.swift */; };
		CB31940E1D56CF8D00A36C51 /* C036.swift in Sources */ = {isa = PBXBuildFile; fileRef = CB31934E1D56CF8D00A36C51 /* C036.swift */; };
		CB31940F1D56CF8D00A36C51 /* C037.swift in Sources */ = {isa = PBXBuildFile; fileRef = CB31934F1D56CF8D00A36C51 /* C037.swift */; };
		CB3194101D56CF8D00A36C51 /* C039.swift in Sources */ = {isa = PBXBuildFile; fileRef = CB3193501D56CF8D00A36C51 /* C039.swift */; };
		CB3194111D56CF8D00A36C51 /* C041.swift in Sources */ = {isa = PBXBuildFile; fileRef = CB3193511D56CF8D00A36C51 /* C041.swift */; };
		CB3194121D56CF8D00A36C51 /* C042.swift in Sources */ = {isa = PBXBuildFile; fileRef = CB3193521D56CF8D00A36C51 /* C042.swift */; };
		CB3194131D56CF8D00A36C51 /* C043.swift in Sources */ = {isa = PBXBuildFile; fileRef = CB3193531D56CF8D00A36C51 /* C043.swift */; };
		CB3194141D56CF8D00A36C51 /* C044.swift in Sources */ = {isa = PBXBuildFile; fileRef = CB3193541D56CF8D00A36C51 /* C044.swift */; };
		CB3194151D56CF8D00A36C51 /* C045.swift in Sources */ = {isa = PBXBuildFile; fileRef = CB3193551D56CF8D00A36C51 /* C045.swift */; };
		CB3194161D56CF8D00A36C51 /* C046.swift in Sources */ = {isa = PBXBuildFile; fileRef = CB3193561D56CF8D00A36C51 /* C046.swift */; };
		CB3194171D56CF8D00A36C51 /* C047.swift in Sources */ = {isa = PBXBuildFile; fileRef = CB3193571D56CF8D00A36C51 /* C047.swift */; };
		CB3194181D56CF8D00A36C51 /* C048.swift in Sources */ = {isa = PBXBuildFile; fileRef = CB3193581D56CF8D00A36C51 /* C048.swift */; };
		CB3194191D56CF8D00A36C51 /* C049.swift in Sources */ = {isa = PBXBuildFile; fileRef = CB3193591D56CF8D00A36C51 /* C049.swift */; };
		CB31941A1D56CF8D00A36C51 /* C052.swift in Sources */ = {isa = PBXBuildFile; fileRef = CB31935A1D56CF8D00A36C51 /* C052.swift */; };
		CB31941B1D56CF8D00A36C51 /* C053.swift in Sources */ = {isa = PBXBuildFile; fileRef = CB31935B1D56CF8D00A36C51 /* C053.swift */; };
		CB31941C1D56CF8D00A36C51 /* C055.swift in Sources */ = {isa = PBXBuildFile; fileRef = CB31935C1D56CF8D00A36C51 /* C055.swift */; };
		CB31941D1D56CF8D00A36C51 /* C056.swift in Sources */ = {isa = PBXBuildFile; fileRef = CB31935D1D56CF8D00A36C51 /* C056.swift */; };
		CB31941E1D56CF8D00A36C51 /* C057.swift in Sources */ = {isa = PBXBuildFile; fileRef = CB31935E1D56CF8D00A36C51 /* C057.swift */; };
		CB31941F1D56CF8D00A36C51 /* C058.swift in Sources */ = {isa = PBXBuildFile; fileRef = CB31935F1D56CF8D00A36C51 /* C058.swift */; };
		CB3194201D56CF8D00A36C51 /* C058Un.swift in Sources */ = {isa = PBXBuildFile; fileRef = CB3193601D56CF8D00A36C51 /* C058Un.swift */; };
		CB3194211D56CF8D00A36C51 /* C059.swift in Sources */ = {isa = PBXBuildFile; fileRef = CB3193611D56CF8D00A36C51 /* C059.swift */; };
		CB3194221D56CF8D00A36C51 /* C059Un.swift in Sources */ = {isa = PBXBuildFile; fileRef = CB3193621D56CF8D00A36C51 /* C059Un.swift */; };
		CB3194231D56CF8D00A36C51 /* C060.swift in Sources */ = {isa = PBXBuildFile; fileRef = CB3193631D56CF8D00A36C51 /* C060.swift */; };
		CB3194241D56CF8D00A36C51 /* C080.swift in Sources */ = {isa = PBXBuildFile; fileRef = CB3193641D56CF8D00A36C51 /* C080.swift */; };
		CB3194251D56CF8D00A36C51 /* C082.swift in Sources */ = {isa = PBXBuildFile; fileRef = CB3193651D56CF8D00A36C51 /* C082.swift */; };
		CB3194261D56CF8D00A36C51 /* C174.swift in Sources */ = {isa = PBXBuildFile; fileRef = CB3193661D56CF8D00A36C51 /* C174.swift */; };
		CB3194271D56CF8D00A36C51 /* C186.swift in Sources */ = {isa = PBXBuildFile; fileRef = CB3193671D56CF8D00A36C51 /* C186.swift */; };
		CB3194281D56CF8D00A36C51 /* C205.swift in Sources */ = {isa = PBXBuildFile; fileRef = CB3193681D56CF8D00A36C51 /* C205.swift */; };
		CB3194291D56CF8D00A36C51 /* C206.swift in Sources */ = {isa = PBXBuildFile; fileRef = CB3193691D56CF8D00A36C51 /* C206.swift */; };
		CB31942A1D56CF8D00A36C51 /* C211.swift in Sources */ = {isa = PBXBuildFile; fileRef = CB31936A1D56CF8D00A36C51 /* C211.swift */; };
		CB31942B1D56CF8D00A36C51 /* C212.swift in Sources */ = {isa = PBXBuildFile; fileRef = CB31936B1D56CF8D00A36C51 /* C212.swift */; };
		CB31942C1D56CF8D00A36C51 /* C224.swift in Sources */ = {isa = PBXBuildFile; fileRef = CB31936C1D56CF8D00A36C51 /* C224.swift */; };
		CB31942D1D56CF8D00A36C51 /* C235.swift in Sources */ = {isa = PBXBuildFile; fileRef = CB31936D1D56CF8D00A36C51 /* C235.swift */; };
		CB31942E1D56CF8D00A36C51 /* C237.swift in Sources */ = {isa = PBXBuildFile; fileRef = CB31936E1D56CF8D00A36C51 /* C237.swift */; };
		CB31942F1D56CF8D00A36C51 /* C273.swift in Sources */ = {isa = PBXBuildFile; fileRef = CB31936F1D56CF8D00A36C51 /* C273.swift */; };
		CB3194301D56CF8D00A36C51 /* C280.swift in Sources */ = {isa = PBXBuildFile; fileRef = CB3193701D56CF8D00A36C51 /* C280.swift */; };
		CB3194311D56CF8D00A36C51 /* C300.swift in Sources */ = {isa = PBXBuildFile; fileRef = CB3193711D56CF8D00A36C51 /* C300.swift */; };
		CB3194321D56CF8D00A36C51 /* C302.swift in Sources */ = {isa = PBXBuildFile; fileRef = CB3193721D56CF8D00A36C51 /* C302.swift */; };
		CB3194331D56CF8D00A36C51 /* C304.swift in Sources */ = {isa = PBXBuildFile; fileRef = CB3193731D56CF8D00A36C51 /* C304.swift */; };
		CB3194341D56CF8D00A36C51 /* C306.swift in Sources */ = {isa = PBXBuildFile; fileRef = CB3193741D56CF8D00A36C51 /* C306.swift */; };
		CB3194351D56CF8D00A36C51 /* C308.swift in Sources */ = {isa = PBXBuildFile; fileRef = CB3193751D56CF8D00A36C51 /* C308.swift */; };
		CB3194361D56CF8D00A36C51 /* C309.swift in Sources */ = {isa = PBXBuildFile; fileRef = CB3193761D56CF8D00A36C51 /* C309.swift */; };
		CB3194371D56CF8D00A36C51 /* C310.swift in Sources */ = {isa = PBXBuildFile; fileRef = CB3193771D56CF8D00A36C51 /* C310.swift */; };
		CB3194381D56CF8D00A36C51 /* C311.swift in Sources */ = {isa = PBXBuildFile; fileRef = CB3193781D56CF8D00A36C51 /* C311.swift */; };
		CB3194391D56CF8D00A36C51 /* C312.swift in Sources */ = {isa = PBXBuildFile; fileRef = CB3193791D56CF8D00A36C51 /* C312.swift */; };
		CB31943A1D56CF8D00A36C51 /* C314.swift in Sources */ = {isa = PBXBuildFile; fileRef = CB31937A1D56CF8D00A36C51 /* C314.swift */; };
		CB31943B1D56CF8D00A36C51 /* C317.swift in Sources */ = {isa = PBXBuildFile; fileRef = CB31937B1D56CF8D00A36C51 /* C317.swift */; };
		CB31943C1D56CF8D00A36C51 /* C318.swift in Sources */ = {isa = PBXBuildFile; fileRef = CB31937C1D56CF8D00A36C51 /* C318.swift */; };
		CB31943D1D56CF8D00A36C51 /* C320.swift in Sources */ = {isa = PBXBuildFile; fileRef = CB31937D1D56CF8D00A36C51 /* C320.swift */; };
		CB31943E1D56CF8D00A36C51 /* C322.swift in Sources */ = {isa = PBXBuildFile; fileRef = CB31937E1D56CF8D00A36C51 /* C322.swift */; };
		CB31943F1D56CF8D00A36C51 /* C323.swift in Sources */ = {isa = PBXBuildFile; fileRef = CB31937F1D56CF8D00A36C51 /* C323.swift */; };
		CB3194401D56CF8D00A36C51 /* C324.swift in Sources */ = {isa = PBXBuildFile; fileRef = CB3193801D56CF8D00A36C51 /* C324.swift */; };
		CB3194411D56CF8D00A36C51 /* C326.swift in Sources */ = {isa = PBXBuildFile; fileRef = CB3193811D56CF8D00A36C51 /* C326.swift */; };
		CB3194421D56CF8D00A36C51 /* C328.swift in Sources */ = {isa = PBXBuildFile; fileRef = CB3193821D56CF8D00A36C51 /* C328.swift */; };
		CB3194431D56CF8D00A36C51 /* C330.swift in Sources */ = {isa = PBXBuildFile; fileRef = CB3193831D56CF8D00A36C51 /* C330.swift */; };
		CB3194441D56CF8D00A36C51 /* C332.swift in Sources */ = {isa = PBXBuildFile; fileRef = CB3193841D56CF8D00A36C51 /* C332.swift */; };
		CB3194451D56CF8D00A36C51 /* C334.swift in Sources */ = {isa = PBXBuildFile; fileRef = CB3193851D56CF8D00A36C51 /* C334.swift */; };
		CB3194461D56CF8D00A36C51 /* C336.swift in Sources */ = {isa = PBXBuildFile; fileRef = CB3193861D56CF8D00A36C51 /* C336.swift */; };
		CB3194471D56CF8D00A36C51 /* C337.swift in Sources */ = {isa = PBXBuildFile; fileRef = CB3193871D56CF8D00A36C51 /* C337.swift */; };
		CB3194481D56CF8D00A36C51 /* C338.swift in Sources */ = {isa = PBXBuildFile; fileRef = CB3193881D56CF8D00A36C51 /* C338.swift */; };
		CB3194491D56CF8D00A36C51 /* C340.swift in Sources */ = {isa = PBXBuildFile; fileRef = CB3193891D56CF8D00A36C51 /* C340.swift */; };
		CB31944A1D56CF8D00A36C51 /* C342.swift in Sources */ = {isa = PBXBuildFile; fileRef = CB31938A1D56CF8D00A36C51 /* C342.swift */; };
		CB31944B1D56CF8D00A36C51 /* C344.swift in Sources */ = {isa = PBXBuildFile; fileRef = CB31938B1D56CF8D00A36C51 /* C344.swift */; };
		CB31944C1D56CF8D00A36C51 /* C346.swift in Sources */ = {isa = PBXBuildFile; fileRef = CB31938C1D56CF8D00A36C51 /* C346.swift */; };
		CB31944D1D56CF8D00A36C51 /* C348.swift in Sources */ = {isa = PBXBuildFile; fileRef = CB31938D1D56CF8D00A36C51 /* C348.swift */; };
		CB31944E1D56CF8D00A36C51 /* C350.swift in Sources */ = {isa = PBXBuildFile; fileRef = CB31938E1D56CF8D00A36C51 /* C350.swift */; };
		CB31944F1D56CF8D00A36C51 /* C351.swift in Sources */ = {isa = PBXBuildFile; fileRef = CB31938F1D56CF8D00A36C51 /* C351.swift */; };
		CB3194501D56CF8D00A36C51 /* C352.swift in Sources */ = {isa = PBXBuildFile; fileRef = CB3193901D56CF8D00A36C51 /* C352.swift */; };
		CB3194511D56CF8D00A36C51 /* C353.swift in Sources */ = {isa = PBXBuildFile; fileRef = CB3193911D56CF8D00A36C51 /* C353.swift */; };
		CB3194521D56CF8D00A36C51 /* C354.swift in Sources */ = {isa = PBXBuildFile; fileRef = CB3193921D56CF8D00A36C51 /* C354.swift */; };
		CB3194531D56CF8D00A36C51 /* C355.swift in Sources */ = {isa = PBXBuildFile; fileRef = CB3193931D56CF8D00A36C51 /* C355.swift */; };
		CB3194541D56CF8D00A36C51 /* C356.swift in Sources */ = {isa = PBXBuildFile; fileRef = CB3193941D56CF8D00A36C51 /* C356.swift */; };
		CB3194551D56CF8D00A36C51 /* C358.swift in Sources */ = {isa = PBXBuildFile; fileRef = CB3193951D56CF8D00A36C51 /* C358.swift */; };
		CB3194561D56CF8D00A36C51 /* C359.swift in Sources */ = {isa = PBXBuildFile; fileRef = CB3193961D56CF8D00A36C51 /* C359.swift */; };
		CB3194571D56CF8D00A36C51 /* C360.swift in Sources */ = {isa = PBXBuildFile; fileRef = CB3193971D56CF8D00A36C51 /* C360.swift */; };
		CB3194581D56CF8D00A36C51 /* C361.swift in Sources */ = {isa = PBXBuildFile; fileRef = CB3193981D56CF8D00A36C51 /* C361.swift */; };
		CB3194591D56CF8D00A36C51 /* C362.swift in Sources */ = {isa = PBXBuildFile; fileRef = CB3193991D56CF8D00A36C51 /* C362.swift */; };
		CB31945A1D56CF8D00A36C51 /* C366.swift in Sources */ = {isa = PBXBuildFile; fileRef = CB31939A1D56CF8D00A36C51 /* C366.swift */; };
		CB31945B1D56CF8D00A36C51 /* C368.swift in Sources */ = {isa = PBXBuildFile; fileRef = CB31939B1D56CF8D00A36C51 /* C368.swift */; };
		CB31945C1D56CF8D00A36C51 /* C369.swift in Sources */ = {isa = PBXBuildFile; fileRef = CB31939C1D56CF8D00A36C51 /* C369.swift */; };
		CB31945D1D56CF8D00A36C51 /* C370.swift in Sources */ = {isa = PBXBuildFile; fileRef = CB31939D1D56CF8D00A36C51 /* C370.swift */; };
		CB31945E1D56CF8D00A36C51 /* C374.swift in Sources */ = {isa = PBXBuildFile; fileRef = CB31939E1D56CF8D00A36C51 /* C374.swift */; };
		CB31945F1D56CF8D00A36C51 /* C502.swift in Sources */ = {isa = PBXBuildFile; fileRef = CB31939F1D56CF8D00A36C51 /* C502.swift */; };
		CB3194601D56CF8D00A36C51 /* C507.swift in Sources */ = {isa = PBXBuildFile; fileRef = CB3193A01D56CF8D00A36C51 /* C507.swift */; };
		CB3194611D56CF8D00A36C51 /* C517.swift in Sources */ = {isa = PBXBuildFile; fileRef = CB3193A11D56CF8D00A36C51 /* C517.swift */; };
		CB3194621D56CF8D00A36C51 /* C523.swift in Sources */ = {isa = PBXBuildFile; fileRef = CB3193A21D56CF8D00A36C51 /* C523.swift */; };
		CB3194631D56CF8D00A36C51 /* C640.swift in Sources */ = {isa = PBXBuildFile; fileRef = CB3193A31D56CF8D00A36C51 /* C640.swift */; };
		CB3194641D56CF8D00A36C51 /* C641.swift in Sources */ = {isa = PBXBuildFile; fileRef = CB3193A41D56CF8D00A36C51 /* C641.swift */; };
		CB3194651D56CF8D00A36C51 /* C642.swift in Sources */ = {isa = PBXBuildFile; fileRef = CB3193A51D56CF8D00A36C51 /* C642.swift */; };
		CB3194661D56CF8D00A36C51 /* C643.swift in Sources */ = {isa = PBXBuildFile; fileRef = CB3193A61D56CF8D00A36C51 /* C643.swift */; };
		CB3194671D56CF8D00A36C51 /* C644.swift in Sources */ = {isa = PBXBuildFile; fileRef = CB3193A71D56CF8D00A36C51 /* C644.swift */; };
		CB3194681D56CF8D00A36C51 /* C645.swift in Sources */ = {isa = PBXBuildFile; fileRef = CB3193A81D56CF8D00A36C51 /* C645.swift */; };
		CB3194691D56CF8D00A36C51 /* C646.swift in Sources */ = {isa = PBXBuildFile; fileRef = CB3193A91D56CF8D00A36C51 /* C646.swift */; };
		CB31946A1D56CF8D00A36C51 /* C647.swift in Sources */ = {isa = PBXBuildFile; fileRef = CB3193AA1D56CF8D00A36C51 /* C647.swift */; };
		CB31946B1D56CF8D00A36C51 /* C648.swift in Sources */ = {isa = PBXBuildFile; fileRef = CB3193AB1D56CF8D00A36C51 /* C648.swift */; };
		CB31946C1D56CF8D00A36C51 /* C649.swift in Sources */ = {isa = PBXBuildFile; fileRef = CB3193AC1D56CF8D00A36C51 /* C649.swift */; };
		CB31946D1D56CF8D00A36C51 /* C650.swift in Sources */ = {isa = PBXBuildFile; fileRef = CB3193AD1D56CF8D00A36C51 /* C650.swift */; };
		CB31946E1D56CF8D00A36C51 /* C651.swift in Sources */ = {isa = PBXBuildFile; fileRef = CB3193AE1D56CF8D00A36C51 /* C651.swift */; };
		CB31946F1D56CF8D00A36C51 /* C652.swift in Sources */ = {isa = PBXBuildFile; fileRef = CB3193AF1D56CF8D00A36C51 /* C652.swift */; };
		CB3194701D56CF8D00A36C51 /* C653.swift in Sources */ = {isa = PBXBuildFile; fileRef = CB3193B01D56CF8D00A36C51 /* C653.swift */; };
		CB3194711D56CF8D00A36C51 /* C654.swift in Sources */ = {isa = PBXBuildFile; fileRef = CB3193B11D56CF8D00A36C51 /* C654.swift */; };
		CB3194721D56CF8D00A36C51 /* C655.swift in Sources */ = {isa = PBXBuildFile; fileRef = CB3193B21D56CF8D00A36C51 /* C655.swift */; };
		CB3194731D56CF8D00A36C51 /* C656.swift in Sources */ = {isa = PBXBuildFile; fileRef = CB3193B31D56CF8D00A36C51 /* C656.swift */; };
		CB3194741D56CF8D00A36C51 /* C657.swift in Sources */ = {isa = PBXBuildFile; fileRef = CB3193B41D56CF8D00A36C51 /* C657.swift */; };
		CB3194751D56CF8D00A36C51 /* C658.swift in Sources */ = {isa = PBXBuildFile; fileRef = CB3193B51D56CF8D00A36C51 /* C658.swift */; };
		CB3194761D56CF8D00A36C51 /* C659.swift in Sources */ = {isa = PBXBuildFile; fileRef = CB3193B61D56CF8D00A36C51 /* C659.swift */; };
		CB3194771D56CF8D00A36C51 /* C660.swift in Sources */ = {isa = PBXBuildFile; fileRef = CB3193B71D56CF8D00A36C51 /* C660.swift */; };
		CB3194781D56CF8D00A36C51 /* C661.swift in Sources */ = {isa = PBXBuildFile; fileRef = CB3193B81D56CF8D00A36C51 /* C661.swift */; };
		CB3194791D56CF8D00A36C51 /* C662.swift in Sources */ = {isa = PBXBuildFile; fileRef = CB3193B91D56CF8D00A36C51 /* C662.swift */; };
		CB31947A1D56CF8D00A36C51 /* C663.swift in Sources */ = {isa = PBXBuildFile; fileRef = CB3193BA1D56CF8D00A36C51 /* C663.swift */; };
		CB31947B1D56CF8D00A36C51 /* C664.swift in Sources */ = {isa = PBXBuildFile; fileRef = CB3193BB1D56CF8D00A36C51 /* C664.swift */; };
		CB31947C1D56CF8D00A36C51 /* C665.swift in Sources */ = {isa = PBXBuildFile; fileRef = CB3193BC1D56CF8D00A36C51 /* C665.swift */; };
		CB31947D1D56CF8D00A36C51 /* C666.swift in Sources */ = {isa = PBXBuildFile; fileRef = CB3193BD1D56CF8D00A36C51 /* C666.swift */; };
		CB31947E1D56CF8D00A36C51 /* C667.swift in Sources */ = {isa = PBXBuildFile; fileRef = CB3193BE1D56CF8D00A36C51 /* C667.swift */; };
		CB31947F1D56CF8D00A36C51 /* C668.swift in Sources */ = {isa = PBXBuildFile; fileRef = CB3193BF1D56CF8D00A36C51 /* C668.swift */; };
		CB3194801D56CF8D00A36C51 /* C669.swift in Sources */ = {isa = PBXBuildFile; fileRef = CB3193C01D56CF8D00A36C51 /* C669.swift */; };
		CB3194811D56CF8D00A36C51 /* C670.swift in Sources */ = {isa = PBXBuildFile; fileRef = CB3193C11D56CF8D00A36C51 /* C670.swift */; };
		CB3194821D56CF8D00A36C51 /* C671.swift in Sources */ = {isa = PBXBuildFile; fileRef = CB3193C21D56CF8D00A36C51 /* C671.swift */; };
		CB3194831D56CF8D00A36C51 /* C672.swift in Sources */ = {isa = PBXBuildFile; fileRef = CB3193C31D56CF8D00A36C51 /* C672.swift */; };
		CB3194841D56CF8D00A36C51 /* C673.swift in Sources */ = {isa = PBXBuildFile; fileRef = CB3193C41D56CF8D00A36C51 /* C673.swift */; };
		CB3194851D56CF8D00A36C51 /* C674.swift in Sources */ = {isa = PBXBuildFile; fileRef = CB3193C51D56CF8D00A36C51 /* C674.swift */; };
		CB3194861D56CF8D00A36C51 /* C675.swift in Sources */ = {isa = PBXBuildFile; fileRef = CB3193C61D56CF8D00A36C51 /* C675.swift */; };
		CB3194871D56CF8D00A36C51 /* C677.swift in Sources */ = {isa = PBXBuildFile; fileRef = CB3193C71D56CF8D00A36C51 /* C677.swift */; };
		CB3194881D56CF8D00A36C51 /* C678.swift in Sources */ = {isa = PBXBuildFile; fileRef = CB3193C81D56CF8D00A36C51 /* C678.swift */; };
		CB3194891D56CF8D00A36C51 /* C679.swift in Sources */ = {isa = PBXBuildFile; fileRef = CB3193C91D56CF8D00A36C51 /* C679.swift */; };
		CB31948A1D56CF8D00A36C51 /* C680.swift in Sources */ = {isa = PBXBuildFile; fileRef = CB3193CA1D56CF8D00A36C51 /* C680.swift */; };
		CB31948B1D56CF8D00A36C51 /* C681.swift in Sources */ = {isa = PBXBuildFile; fileRef = CB3193CB1D56CF8D00A36C51 /* C681.swift */; };
		CB31948C1D56CF8D00A36C51 /* C682.swift in Sources */ = {isa = PBXBuildFile; fileRef = CB3193CC1D56CF8D00A36C51 /* C682.swift */; };
		CB31948D1D56CF8D00A36C51 /* C683.swift in Sources */ = {isa = PBXBuildFile; fileRef = CB3193CD1D56CF8D00A36C51 /* C683.swift */; };
		CB31948E1D56CF8D00A36C51 /* C684.swift in Sources */ = {isa = PBXBuildFile; fileRef = CB3193CE1D56CF8D00A36C51 /* C684.swift */; };
		CB31948F1D56CF8D00A36C51 /* C686.swift in Sources */ = {isa = PBXBuildFile; fileRef = CB3193CF1D56CF8D00A36C51 /* C686.swift */; };
		CB3194901D56CF8D00A36C51 /* C687.swift in Sources */ = {isa = PBXBuildFile; fileRef = CB3193D01D56CF8D00A36C51 /* C687.swift */; };
		CB3194911D56CF8D00A36C51 /* C689.swift in Sources */ = {isa = PBXBuildFile; fileRef = CB3193D11D56CF8D00A36C51 /* C689.swift */; };
		CB3194921D56CF8D00A36C51 /* C690.swift in Sources */ = {isa = PBXBuildFile; fileRef = CB3193D21D56CF8D00A36C51 /* C690.swift */; };
		CB3194931D56CF8D00A36C51 /* C691.swift in Sources */ = {isa = PBXBuildFile; fileRef = CB3193D31D56CF8D00A36C51 /* C691.swift */; };
		CB3194941D56CF8D00A36C51 /* C692.swift in Sources */ = {isa = PBXBuildFile; fileRef = CB3193D41D56CF8D00A36C51 /* C692.swift */; };
		CB3194951D56CF8D00A36C51 /* C693.swift in Sources */ = {isa = PBXBuildFile; fileRef = CB3193D51D56CF8D00A36C51 /* C693.swift */; };
		CB3194961D56CF8D00A36C51 /* C694.swift in Sources */ = {isa = PBXBuildFile; fileRef = CB3193D61D56CF8D00A36C51 /* C694.swift */; };
		CB3194971D56CF8D00A36C51 /* C695.swift in Sources */ = {isa = PBXBuildFile; fileRef = CB3193D71D56CF8D00A36C51 /* C695.swift */; };
		CB3194981D56CF8D00A36C51 /* C696.swift in Sources */ = {isa = PBXBuildFile; fileRef = CB3193D81D56CF8D00A36C51 /* C696.swift */; };
		CB3194991D56CF8D00A36C51 /* C700.swift in Sources */ = {isa = PBXBuildFile; fileRef = CB3193D91D56CF8D00A36C51 /* C700.swift */; };
		CB31949A1D56CF8D00A36C51 /* C701.swift in Sources */ = {isa = PBXBuildFile; fileRef = CB3193DA1D56CF8D00A36C51 /* C701.swift */; };
		CB31949B1D56CF8D00A36C51 /* C901.swift in Sources */ = {isa = PBXBuildFile; fileRef = CB3193DB1D56CF8D00A36C51 /* C901.swift */; };
		CB31949C1D56CF8D00A36C51 /* C957.swift in Sources */ = {isa = PBXBuildFile; fileRef = CB3193DC1D56CF8D00A36C51 /* C957.swift */; };
		CB31949D1D56CF8D00A36C51 /* C959.swift in Sources */ = {isa = PBXBuildFile; fileRef = CB3193DD1D56CF8D00A36C51 /* C959.swift */; };
		CB31949E1D56CF8D00A36C51 /* C967.swift in Sources */ = {isa = PBXBuildFile; fileRef = CB3193DE1D56CF8D00A36C51 /* C967.swift */; };
		CB31949F1D56CF8D00A36C51 /* C977.swift in Sources */ = {isa = PBXBuildFile; fileRef = CB3193DF1D56CF8D00A36C51 /* C977.swift */; };
		CB3194A01D56CF8D00A36C51 /* C978.swift in Sources */ = {isa = PBXBuildFile; fileRef = CB3193E01D56CF8D00A36C51 /* C978.swift */; };
		CB3194A11D56CF8D00A36C51 /* C980.swift in Sources */ = {isa = PBXBuildFile; fileRef = CB3193E11D56CF8D00A36C51 /* C980.swift */; };
		CB3194A21D56CF8D00A36C51 /* C981.swift in Sources */ = {isa = PBXBuildFile; fileRef = CB3193E21D56CF8D00A36C51 /* C981.swift */; };
		CB3194A31D56CF8D00A36C51 /* C982.swift in Sources */ = {isa = PBXBuildFile; fileRef = CB3193E31D56CF8D00A36C51 /* C982.swift */; };
		CB3194A41D56CF8D00A36C51 /* C983.swift in Sources */ = {isa = PBXBuildFile; fileRef = CB3193E41D56CF8D00A36C51 /* C983.swift */; };
		CB3194A51D56CF8D00A36C51 /* C984.swift in Sources */ = {isa = PBXBuildFile; fileRef = CB3193E51D56CF8D00A36C51 /* C984.swift */; };
		CB3194A61D56CF8D00A36C51 /* C986.swift in Sources */ = {isa = PBXBuildFile; fileRef = CB3193E61D56CF8D00A36C51 /* C986.swift */; };
		CB3194A71D56CF8D00A36C51 /* C988.swift in Sources */ = {isa = PBXBuildFile; fileRef = CB3193E71D56CF8D00A36C51 /* C988.swift */; };
		CB3194A81D56CF8D00A36C51 /* C991.swift in Sources */ = {isa = PBXBuildFile; fileRef = CB3193E81D56CF8D00A36C51 /* C991.swift */; };
		CB3194A91D56CF8D00A36C51 /* C992.swift in Sources */ = {isa = PBXBuildFile; fileRef = CB3193E91D56CF8D00A36C51 /* C992.swift */; };
		CB3194AA1D56CF8D00A36C51 /* C993.swift in Sources */ = {isa = PBXBuildFile; fileRef = CB3193EA1D56CF8D00A36C51 /* C993.swift */; };
		CB3194AB1D56CF8D00A36C51 /* C994.swift in Sources */ = {isa = PBXBuildFile; fileRef = CB3193EB1D56CF8D00A36C51 /* C994.swift */; };
		CB3194AC1D56CF8D00A36C51 /* C997.swift in Sources */ = {isa = PBXBuildFile; fileRef = CB3193EC1D56CF8D00A36C51 /* C997.swift */; };
		CB3194AD1D56CF8D00A36C51 /* C998.swift in Sources */ = {isa = PBXBuildFile; fileRef = CB3193ED1D56CF8D00A36C51 /* C998.swift */; };
		CB3194AE1D56CF8D00A36C51 /* Cxxx.swift in Sources */ = {isa = PBXBuildFile; fileRef = CB3193EE1D56CF8D00A36C51 /* Cxxx.swift */; };
		CB3194AF1D56CF8D00A36C51 /* S002.swift in Sources */ = {isa = PBXBuildFile; fileRef = CB3193EF1D56CF8D00A36C51 /* S002.swift */; };
		CB3194B01D56CF8D00A36C51 /* S003.swift in Sources */ = {isa = PBXBuildFile; fileRef = CB3193F01D56CF8D00A36C51 /* S003.swift */; };
		CB3194B11D56CF8D00A36C51 /* S009.swift in Sources */ = {isa = PBXBuildFile; fileRef = CB3193F11D56CF8D00A36C51 /* S009.swift */; };
		CB3194B21D56CF8D00A36C51 /* S010.swift in Sources */ = {isa = PBXBuildFile; fileRef = CB3193F21D56CF8D00A36C51 /* S010.swift */; };
		CB3194B31D56CF8D00A36C51 /* S011.swift in Sources */ = {isa = PBXBuildFile; fileRef = CB3193F31D56CF8D00A36C51 /* S011.swift */; };
		CB3194B41D56CF8D00A36C51 /* S300.swift in Sources */ = {isa = PBXBuildFile; fileRef = CB3193F41D56CF8D00A36C51 /* S300.swift */; };
		CB3194B51D56CF8D00A36C51 /* S301.swift in Sources */ = {isa = PBXBuildFile; fileRef = CB3193F51D56CF8D00A36C51 /* S301.swift */; };
		CB3194B61D56CF8D00A36C51 /* S302.swift in Sources */ = {isa = PBXBuildFile; fileRef = CB3193F61D56CF8D00A36C51 /* S302.swift */; };
		CB917C101CE97E5800671281 /* main.swift in Sources */ = {isa = PBXBuildFile; fileRef = CB917C0F1CE97E5800671281 /* main.swift */; };
		CBA24D6D1D07C3D000F9CB19 /* AAI.swift in Sources */ = {isa = PBXBuildFile; fileRef = CBA24D6B1D07C3D000F9CB19 /* AAI.swift */; };
		CBA24D6E1D07C3D000F9CB19 /* ABI.swift in Sources */ = {isa = PBXBuildFile; fileRef = CBA24D6C1D07C3D000F9CB19 /* ABI.swift */; };
		CBA24D701D07CA2600F9CB19 /* Segment.swift in Sources */ = {isa = PBXBuildFile; fileRef = CBA24D6F1D07CA2600F9CB19 /* Segment.swift */; };
		CBB32B6E1CEE751D0024AC88 /* Composite.swift in Sources */ = {isa = PBXBuildFile; fileRef = CBB32B6D1CEE751D0024AC88 /* Composite.swift */; };
/* End PBXBuildFile section */

/* Begin PBXCopyFilesBuildPhase section */
		CB917C0A1CE97E5800671281 /* CopyFiles */ = {
			isa = PBXCopyFilesBuildPhase;
			buildActionMask = 2147483647;
			dstPath = /usr/share/man/man1/;
			dstSubfolderSpec = 0;
			files = (
			);
			runOnlyForDeploymentPostprocessing = 1;
		};
/* End PBXCopyFilesBuildPhase section */

/* Begin PBXFileReference section */
		CB3193371D56CF8D00A36C51 /* C012.swift */ = {isa = PBXFileReference; fileEncoding = 4; lastKnownFileType = sourcecode.swift; path = C012.swift; sourceTree = "<group>"; };
		CB3193381D56CF8D00A36C51 /* C013.swift */ = {isa = PBXFileReference; fileEncoding = 4; lastKnownFileType = sourcecode.swift; path = C013.swift; sourceTree = "<group>"; };
		CB3193391D56CF8D00A36C51 /* C014.swift */ = {isa = PBXFileReference; fileEncoding = 4; lastKnownFileType = sourcecode.swift; path = C014.swift; sourceTree = "<group>"; };
		CB31933A1D56CF8D00A36C51 /* C015.swift */ = {isa = PBXFileReference; fileEncoding = 4; lastKnownFileType = sourcecode.swift; path = C015.swift; sourceTree = "<group>"; };
		CB31933B1D56CF8D00A36C51 /* C016.swift */ = {isa = PBXFileReference; fileEncoding = 4; lastKnownFileType = sourcecode.swift; path = C016.swift; sourceTree = "<group>"; };
		CB31933C1D56CF8D00A36C51 /* C017.swift */ = {isa = PBXFileReference; fileEncoding = 4; lastKnownFileType = sourcecode.swift; path = C017.swift; sourceTree = "<group>"; };
		CB31933D1D56CF8D00A36C51 /* C018.swift */ = {isa = PBXFileReference; fileEncoding = 4; lastKnownFileType = sourcecode.swift; path = C018.swift; sourceTree = "<group>"; };
		CB31933E1D56CF8D00A36C51 /* C019.swift */ = {isa = PBXFileReference; fileEncoding = 4; lastKnownFileType = sourcecode.swift; path = C019.swift; sourceTree = "<group>"; };
		CB31933F1D56CF8D00A36C51 /* C020.swift */ = {isa = PBXFileReference; fileEncoding = 4; lastKnownFileType = sourcecode.swift; path = C020.swift; sourceTree = "<group>"; };
		CB3193401D56CF8D00A36C51 /* C021.swift */ = {isa = PBXFileReference; fileEncoding = 4; lastKnownFileType = sourcecode.swift; path = C021.swift; sourceTree = "<group>"; };
		CB3193411D56CF8D00A36C51 /* C022.swift */ = {isa = PBXFileReference; fileEncoding = 4; lastKnownFileType = sourcecode.swift; path = C022.swift; sourceTree = "<group>"; };
		CB3193421D56CF8D00A36C51 /* C023.swift */ = {isa = PBXFileReference; fileEncoding = 4; lastKnownFileType = sourcecode.swift; path = C023.swift; sourceTree = "<group>"; };
		CB3193431D56CF8D00A36C51 /* C024.swift */ = {isa = PBXFileReference; fileEncoding = 4; lastKnownFileType = sourcecode.swift; path = C024.swift; sourceTree = "<group>"; };
		CB3193441D56CF8D00A36C51 /* C025.swift */ = {isa = PBXFileReference; fileEncoding = 4; lastKnownFileType = sourcecode.swift; path = C025.swift; sourceTree = "<group>"; };
		CB3193451D56CF8D00A36C51 /* C026.swift */ = {isa = PBXFileReference; fileEncoding = 4; lastKnownFileType = sourcecode.swift; path = C026.swift; sourceTree = "<group>"; };
		CB3193461D56CF8D00A36C51 /* C027.swift */ = {isa = PBXFileReference; fileEncoding = 4; lastKnownFileType = sourcecode.swift; path = C027.swift; sourceTree = "<group>"; };
		CB3193471D56CF8D00A36C51 /* C028.swift */ = {isa = PBXFileReference; fileEncoding = 4; lastKnownFileType = sourcecode.swift; path = C028.swift; sourceTree = "<group>"; };
		CB3193481D56CF8D00A36C51 /* C029.swift */ = {isa = PBXFileReference; fileEncoding = 4; lastKnownFileType = sourcecode.swift; path = C029.swift; sourceTree = "<group>"; };
		CB3193491D56CF8D00A36C51 /* C030.swift */ = {isa = PBXFileReference; fileEncoding = 4; lastKnownFileType = sourcecode.swift; path = C030.swift; sourceTree = "<group>"; };
		CB31934A1D56CF8D00A36C51 /* C031.swift */ = {isa = PBXFileReference; fileEncoding = 4; lastKnownFileType = sourcecode.swift; path = C031.swift; sourceTree = "<group>"; };
		CB31934B1D56CF8D00A36C51 /* C032.swift */ = {isa = PBXFileReference; fileEncoding = 4; lastKnownFileType = sourcecode.swift; path = C032.swift; sourceTree = "<group>"; };
		CB31934C1D56CF8D00A36C51 /* C034.swift */ = {isa = PBXFileReference; fileEncoding = 4; lastKnownFileType = sourcecode.swift; path = C034.swift; sourceTree = "<group>"; };
		CB31934D1D56CF8D00A36C51 /* C035.swift */ = {isa = PBXFileReference; fileEncoding = 4; lastKnownFileType = sourcecode.swift; path = C035.swift; sourceTree = "<group>"; };
		CB31934E1D56CF8D00A36C51 /* C036.swift */ = {isa = PBXFileReference; fileEncoding = 4; lastKnownFileType = sourcecode.swift; path = C036.swift; sourceTree = "<group>"; };
		CB31934F1D56CF8D00A36C51 /* C037.swift */ = {isa = PBXFileReference; fileEncoding = 4; lastKnownFileType = sourcecode.swift; path = C037.swift; sourceTree = "<group>"; };
		CB3193501D56CF8D00A36C51 /* C039.swift */ = {isa = PBXFileReference; fileEncoding = 4; lastKnownFileType = sourcecode.swift; path = C039.swift; sourceTree = "<group>"; };
		CB3193511D56CF8D00A36C51 /* C041.swift */ = {isa = PBXFileReference; fileEncoding = 4; lastKnownFileType = sourcecode.swift; path = C041.swift; sourceTree = "<group>"; };
		CB3193521D56CF8D00A36C51 /* C042.swift */ = {isa = PBXFileReference; fileEncoding = 4; lastKnownFileType = sourcecode.swift; path = C042.swift; sourceTree = "<group>"; };
		CB3193531D56CF8D00A36C51 /* C043.swift */ = {isa = PBXFileReference; fileEncoding = 4; lastKnownFileType = sourcecode.swift; path = C043.swift; sourceTree = "<group>"; };
		CB3193541D56CF8D00A36C51 /* C044.swift */ = {isa = PBXFileReference; fileEncoding = 4; lastKnownFileType = sourcecode.swift; path = C044.swift; sourceTree = "<group>"; };
		CB3193551D56CF8D00A36C51 /* C045.swift */ = {isa = PBXFileReference; fileEncoding = 4; lastKnownFileType = sourcecode.swift; path = C045.swift; sourceTree = "<group>"; };
		CB3193561D56CF8D00A36C51 /* C046.swift */ = {isa = PBXFileReference; fileEncoding = 4; lastKnownFileType = sourcecode.swift; path = C046.swift; sourceTree = "<group>"; };
		CB3193571D56CF8D00A36C51 /* C047.swift */ = {isa = PBXFileReference; fileEncoding = 4; lastKnownFileType = sourcecode.swift; path = C047.swift; sourceTree = "<group>"; };
		CB3193581D56CF8D00A36C51 /* C048.swift */ = {isa = PBXFileReference; fileEncoding = 4; lastKnownFileType = sourcecode.swift; path = C048.swift; sourceTree = "<group>"; };
		CB3193591D56CF8D00A36C51 /* C049.swift */ = {isa = PBXFileReference; fileEncoding = 4; lastKnownFileType = sourcecode.swift; path = C049.swift; sourceTree = "<group>"; };
		CB31935A1D56CF8D00A36C51 /* C052.swift */ = {isa = PBXFileReference; fileEncoding = 4; lastKnownFileType = sourcecode.swift; path = C052.swift; sourceTree = "<group>"; };
		CB31935B1D56CF8D00A36C51 /* C053.swift */ = {isa = PBXFileReference; fileEncoding = 4; lastKnownFileType = sourcecode.swift; path = C053.swift; sourceTree = "<group>"; };
		CB31935C1D56CF8D00A36C51 /* C055.swift */ = {isa = PBXFileReference; fileEncoding = 4; lastKnownFileType = sourcecode.swift; path = C055.swift; sourceTree = "<group>"; };
		CB31935D1D56CF8D00A36C51 /* C056.swift */ = {isa = PBXFileReference; fileEncoding = 4; lastKnownFileType = sourcecode.swift; path = C056.swift; sourceTree = "<group>"; };
		CB31935E1D56CF8D00A36C51 /* C057.swift */ = {isa = PBXFileReference; fileEncoding = 4; lastKnownFileType = sourcecode.swift; path = C057.swift; sourceTree = "<group>"; };
		CB31935F1D56CF8D00A36C51 /* C058.swift */ = {isa = PBXFileReference; fileEncoding = 4; lastKnownFileType = sourcecode.swift; path = C058.swift; sourceTree = "<group>"; };
		CB3193601D56CF8D00A36C51 /* C058Un.swift */ = {isa = PBXFileReference; fileEncoding = 4; lastKnownFileType = sourcecode.swift; path = C058Un.swift; sourceTree = "<group>"; };
		CB3193611D56CF8D00A36C51 /* C059.swift */ = {isa = PBXFileReference; fileEncoding = 4; lastKnownFileType = sourcecode.swift; path = C059.swift; sourceTree = "<group>"; };
		CB3193621D56CF8D00A36C51 /* C059Un.swift */ = {isa = PBXFileReference; fileEncoding = 4; lastKnownFileType = sourcecode.swift; path = C059Un.swift; sourceTree = "<group>"; };
		CB3193631D56CF8D00A36C51 /* C060.swift */ = {isa = PBXFileReference; fileEncoding = 4; lastKnownFileType = sourcecode.swift; path = C060.swift; sourceTree = "<group>"; };
		CB3193641D56CF8D00A36C51 /* C080.swift */ = {isa = PBXFileReference; fileEncoding = 4; lastKnownFileType = sourcecode.swift; path = C080.swift; sourceTree = "<group>"; };
		CB3193651D56CF8D00A36C51 /* C082.swift */ = {isa = PBXFileReference; fileEncoding = 4; lastKnownFileType = sourcecode.swift; path = C082.swift; sourceTree = "<group>"; };
		CB3193661D56CF8D00A36C51 /* C174.swift */ = {isa = PBXFileReference; fileEncoding = 4; lastKnownFileType = sourcecode.swift; path = C174.swift; sourceTree = "<group>"; };
		CB3193671D56CF8D00A36C51 /* C186.swift */ = {isa = PBXFileReference; fileEncoding = 4; lastKnownFileType = sourcecode.swift; path = C186.swift; sourceTree = "<group>"; };
		CB3193681D56CF8D00A36C51 /* C205.swift */ = {isa = PBXFileReference; fileEncoding = 4; lastKnownFileType = sourcecode.swift; path = C205.swift; sourceTree = "<group>"; };
		CB3193691D56CF8D00A36C51 /* C206.swift */ = {isa = PBXFileReference; fileEncoding = 4; lastKnownFileType = sourcecode.swift; path = C206.swift; sourceTree = "<group>"; };
		CB31936A1D56CF8D00A36C51 /* C211.swift */ = {isa = PBXFileReference; fileEncoding = 4; lastKnownFileType = sourcecode.swift; path = C211.swift; sourceTree = "<group>"; };
		CB31936B1D56CF8D00A36C51 /* C212.swift */ = {isa = PBXFileReference; fileEncoding = 4; lastKnownFileType = sourcecode.swift; path = C212.swift; sourceTree = "<group>"; };
		CB31936C1D56CF8D00A36C51 /* C224.swift */ = {isa = PBXFileReference; fileEncoding = 4; lastKnownFileType = sourcecode.swift; path = C224.swift; sourceTree = "<group>"; };
		CB31936D1D56CF8D00A36C51 /* C235.swift */ = {isa = PBXFileReference; fileEncoding = 4; lastKnownFileType = sourcecode.swift; path = C235.swift; sourceTree = "<group>"; };
		CB31936E1D56CF8D00A36C51 /* C237.swift */ = {isa = PBXFileReference; fileEncoding = 4; lastKnownFileType = sourcecode.swift; path = C237.swift; sourceTree = "<group>"; };
		CB31936F1D56CF8D00A36C51 /* C273.swift */ = {isa = PBXFileReference; fileEncoding = 4; lastKnownFileType = sourcecode.swift; path = C273.swift; sourceTree = "<group>"; };
		CB3193701D56CF8D00A36C51 /* C280.swift */ = {isa = PBXFileReference; fileEncoding = 4; lastKnownFileType = sourcecode.swift; path = C280.swift; sourceTree = "<group>"; };
		CB3193711D56CF8D00A36C51 /* C300.swift */ = {isa = PBXFileReference; fileEncoding = 4; lastKnownFileType = sourcecode.swift; path = C300.swift; sourceTree = "<group>"; };
		CB3193721D56CF8D00A36C51 /* C302.swift */ = {isa = PBXFileReference; fileEncoding = 4; lastKnownFileType = sourcecode.swift; path = C302.swift; sourceTree = "<group>"; };
		CB3193731D56CF8D00A36C51 /* C304.swift */ = {isa = PBXFileReference; fileEncoding = 4; lastKnownFileType = sourcecode.swift; path = C304.swift; sourceTree = "<group>"; };
		CB3193741D56CF8D00A36C51 /* C306.swift */ = {isa = PBXFileReference; fileEncoding = 4; lastKnownFileType = sourcecode.swift; path = C306.swift; sourceTree = "<group>"; };
		CB3193751D56CF8D00A36C51 /* C308.swift */ = {isa = PBXFileReference; fileEncoding = 4; lastKnownFileType = sourcecode.swift; path = C308.swift; sourceTree = "<group>"; };
		CB3193761D56CF8D00A36C51 /* C309.swift */ = {isa = PBXFileReference; fileEncoding = 4; lastKnownFileType = sourcecode.swift; path = C309.swift; sourceTree = "<group>"; };
		CB3193771D56CF8D00A36C51 /* C310.swift */ = {isa = PBXFileReference; fileEncoding = 4; lastKnownFileType = sourcecode.swift; path = C310.swift; sourceTree = "<group>"; };
		CB3193781D56CF8D00A36C51 /* C311.swift */ = {isa = PBXFileReference; fileEncoding = 4; lastKnownFileType = sourcecode.swift; path = C311.swift; sourceTree = "<group>"; };
		CB3193791D56CF8D00A36C51 /* C312.swift */ = {isa = PBXFileReference; fileEncoding = 4; lastKnownFileType = sourcecode.swift; path = C312.swift; sourceTree = "<group>"; };
		CB31937A1D56CF8D00A36C51 /* C314.swift */ = {isa = PBXFileReference; fileEncoding = 4; lastKnownFileType = sourcecode.swift; path = C314.swift; sourceTree = "<group>"; };
		CB31937B1D56CF8D00A36C51 /* C317.swift */ = {isa = PBXFileReference; fileEncoding = 4; lastKnownFileType = sourcecode.swift; path = C317.swift; sourceTree = "<group>"; };
		CB31937C1D56CF8D00A36C51 /* C318.swift */ = {isa = PBXFileReference; fileEncoding = 4; lastKnownFileType = sourcecode.swift; path = C318.swift; sourceTree = "<group>"; };
		CB31937D1D56CF8D00A36C51 /* C320.swift */ = {isa = PBXFileReference; fileEncoding = 4; lastKnownFileType = sourcecode.swift; path = C320.swift; sourceTree = "<group>"; };
		CB31937E1D56CF8D00A36C51 /* C322.swift */ = {isa = PBXFileReference; fileEncoding = 4; lastKnownFileType = sourcecode.swift; path = C322.swift; sourceTree = "<group>"; };
		CB31937F1D56CF8D00A36C51 /* C323.swift */ = {isa = PBXFileReference; fileEncoding = 4; lastKnownFileType = sourcecode.swift; path = C323.swift; sourceTree = "<group>"; };
		CB3193801D56CF8D00A36C51 /* C324.swift */ = {isa = PBXFileReference; fileEncoding = 4; lastKnownFileType = sourcecode.swift; path = C324.swift; sourceTree = "<group>"; };
		CB3193811D56CF8D00A36C51 /* C326.swift */ = {isa = PBXFileReference; fileEncoding = 4; lastKnownFileType = sourcecode.swift; path = C326.swift; sourceTree = "<group>"; };
		CB3193821D56CF8D00A36C51 /* C328.swift */ = {isa = PBXFileReference; fileEncoding = 4; lastKnownFileType = sourcecode.swift; path = C328.swift; sourceTree = "<group>"; };
		CB3193831D56CF8D00A36C51 /* C330.swift */ = {isa = PBXFileReference; fileEncoding = 4; lastKnownFileType = sourcecode.swift; path = C330.swift; sourceTree = "<group>"; };
		CB3193841D56CF8D00A36C51 /* C332.swift */ = {isa = PBXFileReference; fileEncoding = 4; lastKnownFileType = sourcecode.swift; path = C332.swift; sourceTree = "<group>"; };
		CB3193851D56CF8D00A36C51 /* C334.swift */ = {isa = PBXFileReference; fileEncoding = 4; lastKnownFileType = sourcecode.swift; path = C334.swift; sourceTree = "<group>"; };
		CB3193861D56CF8D00A36C51 /* C336.swift */ = {isa = PBXFileReference; fileEncoding = 4; lastKnownFileType = sourcecode.swift; path = C336.swift; sourceTree = "<group>"; };
		CB3193871D56CF8D00A36C51 /* C337.swift */ = {isa = PBXFileReference; fileEncoding = 4; lastKnownFileType = sourcecode.swift; path = C337.swift; sourceTree = "<group>"; };
		CB3193881D56CF8D00A36C51 /* C338.swift */ = {isa = PBXFileReference; fileEncoding = 4; lastKnownFileType = sourcecode.swift; path = C338.swift; sourceTree = "<group>"; };
		CB3193891D56CF8D00A36C51 /* C340.swift */ = {isa = PBXFileReference; fileEncoding = 4; lastKnownFileType = sourcecode.swift; path = C340.swift; sourceTree = "<group>"; };
		CB31938A1D56CF8D00A36C51 /* C342.swift */ = {isa = PBXFileReference; fileEncoding = 4; lastKnownFileType = sourcecode.swift; path = C342.swift; sourceTree = "<group>"; };
		CB31938B1D56CF8D00A36C51 /* C344.swift */ = {isa = PBXFileReference; fileEncoding = 4; lastKnownFileType = sourcecode.swift; path = C344.swift; sourceTree = "<group>"; };
		CB31938C1D56CF8D00A36C51 /* C346.swift */ = {isa = PBXFileReference; fileEncoding = 4; lastKnownFileType = sourcecode.swift; path = C346.swift; sourceTree = "<group>"; };
		CB31938D1D56CF8D00A36C51 /* C348.swift */ = {isa = PBXFileReference; fileEncoding = 4; lastKnownFileType = sourcecode.swift; path = C348.swift; sourceTree = "<group>"; };
		CB31938E1D56CF8D00A36C51 /* C350.swift */ = {isa = PBXFileReference; fileEncoding = 4; lastKnownFileType = sourcecode.swift; path = C350.swift; sourceTree = "<group>"; };
		CB31938F1D56CF8D00A36C51 /* C351.swift */ = {isa = PBXFileReference; fileEncoding = 4; lastKnownFileType = sourcecode.swift; path = C351.swift; sourceTree = "<group>"; };
		CB3193901D56CF8D00A36C51 /* C352.swift */ = {isa = PBXFileReference; fileEncoding = 4; lastKnownFileType = sourcecode.swift; path = C352.swift; sourceTree = "<group>"; };
		CB3193911D56CF8D00A36C51 /* C353.swift */ = {isa = PBXFileReference; fileEncoding = 4; lastKnownFileType = sourcecode.swift; path = C353.swift; sourceTree = "<group>"; };
		CB3193921D56CF8D00A36C51 /* C354.swift */ = {isa = PBXFileReference; fileEncoding = 4; lastKnownFileType = sourcecode.swift; path = C354.swift; sourceTree = "<group>"; };
		CB3193931D56CF8D00A36C51 /* C355.swift */ = {isa = PBXFileReference; fileEncoding = 4; lastKnownFileType = sourcecode.swift; path = C355.swift; sourceTree = "<group>"; };
		CB3193941D56CF8D00A36C51 /* C356.swift */ = {isa = PBXFileReference; fileEncoding = 4; lastKnownFileType = sourcecode.swift; path = C356.swift; sourceTree = "<group>"; };
		CB3193951D56CF8D00A36C51 /* C358.swift */ = {isa = PBXFileReference; fileEncoding = 4; lastKnownFileType = sourcecode.swift; path = C358.swift; sourceTree = "<group>"; };
		CB3193961D56CF8D00A36C51 /* C359.swift */ = {isa = PBXFileReference; fileEncoding = 4; lastKnownFileType = sourcecode.swift; path = C359.swift; sourceTree = "<group>"; };
		CB3193971D56CF8D00A36C51 /* C360.swift */ = {isa = PBXFileReference; fileEncoding = 4; lastKnownFileType = sourcecode.swift; path = C360.swift; sourceTree = "<group>"; };
		CB3193981D56CF8D00A36C51 /* C361.swift */ = {isa = PBXFileReference; fileEncoding = 4; lastKnownFileType = sourcecode.swift; path = C361.swift; sourceTree = "<group>"; };
		CB3193991D56CF8D00A36C51 /* C362.swift */ = {isa = PBXFileReference; fileEncoding = 4; lastKnownFileType = sourcecode.swift; path = C362.swift; sourceTree = "<group>"; };
		CB31939A1D56CF8D00A36C51 /* C366.swift */ = {isa = PBXFileReference; fileEncoding = 4; lastKnownFileType = sourcecode.swift; path = C366.swift; sourceTree = "<group>"; };
		CB31939B1D56CF8D00A36C51 /* C368.swift */ = {isa = PBXFileReference; fileEncoding = 4; lastKnownFileType = sourcecode.swift; path = C368.swift; sourceTree = "<group>"; };
		CB31939C1D56CF8D00A36C51 /* C369.swift */ = {isa = PBXFileReference; fileEncoding = 4; lastKnownFileType = sourcecode.swift; path = C369.swift; sourceTree = "<group>"; };
		CB31939D1D56CF8D00A36C51 /* C370.swift */ = {isa = PBXFileReference; fileEncoding = 4; lastKnownFileType = sourcecode.swift; path = C370.swift; sourceTree = "<group>"; };
		CB31939E1D56CF8D00A36C51 /* C374.swift */ = {isa = PBXFileReference; fileEncoding = 4; lastKnownFileType = sourcecode.swift; path = C374.swift; sourceTree = "<group>"; };
		CB31939F1D56CF8D00A36C51 /* C502.swift */ = {isa = PBXFileReference; fileEncoding = 4; lastKnownFileType = sourcecode.swift; path = C502.swift; sourceTree = "<group>"; };
		CB3193A01D56CF8D00A36C51 /* C507.swift */ = {isa = PBXFileReference; fileEncoding = 4; lastKnownFileType = sourcecode.swift; path = C507.swift; sourceTree = "<group>"; };
		CB3193A11D56CF8D00A36C51 /* C517.swift */ = {isa = PBXFileReference; fileEncoding = 4; lastKnownFileType = sourcecode.swift; path = C517.swift; sourceTree = "<group>"; };
		CB3193A21D56CF8D00A36C51 /* C523.swift */ = {isa = PBXFileReference; fileEncoding = 4; lastKnownFileType = sourcecode.swift; path = C523.swift; sourceTree = "<group>"; };
		CB3193A31D56CF8D00A36C51 /* C640.swift */ = {isa = PBXFileReference; fileEncoding = 4; lastKnownFileType = sourcecode.swift; path = C640.swift; sourceTree = "<group>"; };
		CB3193A41D56CF8D00A36C51 /* C641.swift */ = {isa = PBXFileReference; fileEncoding = 4; lastKnownFileType = sourcecode.swift; path = C641.swift; sourceTree = "<group>"; };
		CB3193A51D56CF8D00A36C51 /* C642.swift */ = {isa = PBXFileReference; fileEncoding = 4; lastKnownFileType = sourcecode.swift; path = C642.swift; sourceTree = "<group>"; };
		CB3193A61D56CF8D00A36C51 /* C643.swift */ = {isa = PBXFileReference; fileEncoding = 4; lastKnownFileType = sourcecode.swift; path = C643.swift; sourceTree = "<group>"; };
		CB3193A71D56CF8D00A36C51 /* C644.swift */ = {isa = PBXFileReference; fileEncoding = 4; lastKnownFileType = sourcecode.swift; path = C644.swift; sourceTree = "<group>"; };
		CB3193A81D56CF8D00A36C51 /* C645.swift */ = {isa = PBXFileReference; fileEncoding = 4; lastKnownFileType = sourcecode.swift; path = C645.swift; sourceTree = "<group>"; };
		CB3193A91D56CF8D00A36C51 /* C646.swift */ = {isa = PBXFileReference; fileEncoding = 4; lastKnownFileType = sourcecode.swift; path = C646.swift; sourceTree = "<group>"; };
		CB3193AA1D56CF8D00A36C51 /* C647.swift */ = {isa = PBXFileReference; fileEncoding = 4; lastKnownFileType = sourcecode.swift; path = C647.swift; sourceTree = "<group>"; };
		CB3193AB1D56CF8D00A36C51 /* C648.swift */ = {isa = PBXFileReference; fileEncoding = 4; lastKnownFileType = sourcecode.swift; path = C648.swift; sourceTree = "<group>"; };
		CB3193AC1D56CF8D00A36C51 /* C649.swift */ = {isa = PBXFileReference; fileEncoding = 4; lastKnownFileType = sourcecode.swift; path = C649.swift; sourceTree = "<group>"; };
		CB3193AD1D56CF8D00A36C51 /* C650.swift */ = {isa = PBXFileReference; fileEncoding = 4; lastKnownFileType = sourcecode.swift; path = C650.swift; sourceTree = "<group>"; };
		CB3193AE1D56CF8D00A36C51 /* C651.swift */ = {isa = PBXFileReference; fileEncoding = 4; lastKnownFileType = sourcecode.swift; path = C651.swift; sourceTree = "<group>"; };
		CB3193AF1D56CF8D00A36C51 /* C652.swift */ = {isa = PBXFileReference; fileEncoding = 4; lastKnownFileType = sourcecode.swift; path = C652.swift; sourceTree = "<group>"; };
		CB3193B01D56CF8D00A36C51 /* C653.swift */ = {isa = PBXFileReference; fileEncoding = 4; lastKnownFileType = sourcecode.swift; path = C653.swift; sourceTree = "<group>"; };
		CB3193B11D56CF8D00A36C51 /* C654.swift */ = {isa = PBXFileReference; fileEncoding = 4; lastKnownFileType = sourcecode.swift; path = C654.swift; sourceTree = "<group>"; };
		CB3193B21D56CF8D00A36C51 /* C655.swift */ = {isa = PBXFileReference; fileEncoding = 4; lastKnownFileType = sourcecode.swift; path = C655.swift; sourceTree = "<group>"; };
		CB3193B31D56CF8D00A36C51 /* C656.swift */ = {isa = PBXFileReference; fileEncoding = 4; lastKnownFileType = sourcecode.swift; path = C656.swift; sourceTree = "<group>"; };
		CB3193B41D56CF8D00A36C51 /* C657.swift */ = {isa = PBXFileReference; fileEncoding = 4; lastKnownFileType = sourcecode.swift; path = C657.swift; sourceTree = "<group>"; };
		CB3193B51D56CF8D00A36C51 /* C658.swift */ = {isa = PBXFileReference; fileEncoding = 4; lastKnownFileType = sourcecode.swift; path = C658.swift; sourceTree = "<group>"; };
		CB3193B61D56CF8D00A36C51 /* C659.swift */ = {isa = PBXFileReference; fileEncoding = 4; lastKnownFileType = sourcecode.swift; path = C659.swift; sourceTree = "<group>"; };
		CB3193B71D56CF8D00A36C51 /* C660.swift */ = {isa = PBXFileReference; fileEncoding = 4; lastKnownFileType = sourcecode.swift; path = C660.swift; sourceTree = "<group>"; };
		CB3193B81D56CF8D00A36C51 /* C661.swift */ = {isa = PBXFileReference; fileEncoding = 4; lastKnownFileType = sourcecode.swift; path = C661.swift; sourceTree = "<group>"; };
		CB3193B91D56CF8D00A36C51 /* C662.swift */ = {isa = PBXFileReference; fileEncoding = 4; lastKnownFileType = sourcecode.swift; path = C662.swift; sourceTree = "<group>"; };
		CB3193BA1D56CF8D00A36C51 /* C663.swift */ = {isa = PBXFileReference; fileEncoding = 4; lastKnownFileType = sourcecode.swift; path = C663.swift; sourceTree = "<group>"; };
		CB3193BB1D56CF8D00A36C51 /* C664.swift */ = {isa = PBXFileReference; fileEncoding = 4; lastKnownFileType = sourcecode.swift; path = C664.swift; sourceTree = "<group>"; };
		CB3193BC1D56CF8D00A36C51 /* C665.swift */ = {isa = PBXFileReference; fileEncoding = 4; lastKnownFileType = sourcecode.swift; path = C665.swift; sourceTree = "<group>"; };
		CB3193BD1D56CF8D00A36C51 /* C666.swift */ = {isa = PBXFileReference; fileEncoding = 4; lastKnownFileType = sourcecode.swift; path = C666.swift; sourceTree = "<group>"; };
		CB3193BE1D56CF8D00A36C51 /* C667.swift */ = {isa = PBXFileReference; fileEncoding = 4; lastKnownFileType = sourcecode.swift; path = C667.swift; sourceTree = "<group>"; };
		CB3193BF1D56CF8D00A36C51 /* C668.swift */ = {isa = PBXFileReference; fileEncoding = 4; lastKnownFileType = sourcecode.swift; path = C668.swift; sourceTree = "<group>"; };
		CB3193C01D56CF8D00A36C51 /* C669.swift */ = {isa = PBXFileReference; fileEncoding = 4; lastKnownFileType = sourcecode.swift; path = C669.swift; sourceTree = "<group>"; };
		CB3193C11D56CF8D00A36C51 /* C670.swift */ = {isa = PBXFileReference; fileEncoding = 4; lastKnownFileType = sourcecode.swift; path = C670.swift; sourceTree = "<group>"; };
		CB3193C21D56CF8D00A36C51 /* C671.swift */ = {isa = PBXFileReference; fileEncoding = 4; lastKnownFileType = sourcecode.swift; path = C671.swift; sourceTree = "<group>"; };
		CB3193C31D56CF8D00A36C51 /* C672.swift */ = {isa = PBXFileReference; fileEncoding = 4; lastKnownFileType = sourcecode.swift; path = C672.swift; sourceTree = "<group>"; };
		CB3193C41D56CF8D00A36C51 /* C673.swift */ = {isa = PBXFileReference; fileEncoding = 4; lastKnownFileType = sourcecode.swift; path = C673.swift; sourceTree = "<group>"; };
		CB3193C51D56CF8D00A36C51 /* C674.swift */ = {isa = PBXFileReference; fileEncoding = 4; lastKnownFileType = sourcecode.swift; path = C674.swift; sourceTree = "<group>"; };
		CB3193C61D56CF8D00A36C51 /* C675.swift */ = {isa = PBXFileReference; fileEncoding = 4; lastKnownFileType = sourcecode.swift; path = C675.swift; sourceTree = "<group>"; };
		CB3193C71D56CF8D00A36C51 /* C677.swift */ = {isa = PBXFileReference; fileEncoding = 4; lastKnownFileType = sourcecode.swift; path = C677.swift; sourceTree = "<group>"; };
		CB3193C81D56CF8D00A36C51 /* C678.swift */ = {isa = PBXFileReference; fileEncoding = 4; lastKnownFileType = sourcecode.swift; path = C678.swift; sourceTree = "<group>"; };
		CB3193C91D56CF8D00A36C51 /* C679.swift */ = {isa = PBXFileReference; fileEncoding = 4; lastKnownFileType = sourcecode.swift; path = C679.swift; sourceTree = "<group>"; };
		CB3193CA1D56CF8D00A36C51 /* C680.swift */ = {isa = PBXFileReference; fileEncoding = 4; lastKnownFileType = sourcecode.swift; path = C680.swift; sourceTree = "<group>"; };
		CB3193CB1D56CF8D00A36C51 /* C681.swift */ = {isa = PBXFileReference; fileEncoding = 4; lastKnownFileType = sourcecode.swift; path = C681.swift; sourceTree = "<group>"; };
		CB3193CC1D56CF8D00A36C51 /* C682.swift */ = {isa = PBXFileReference; fileEncoding = 4; lastKnownFileType = sourcecode.swift; path = C682.swift; sourceTree = "<group>"; };
		CB3193CD1D56CF8D00A36C51 /* C683.swift */ = {isa = PBXFileReference; fileEncoding = 4; lastKnownFileType = sourcecode.swift; path = C683.swift; sourceTree = "<group>"; };
		CB3193CE1D56CF8D00A36C51 /* C684.swift */ = {isa = PBXFileReference; fileEncoding = 4; lastKnownFileType = sourcecode.swift; path = C684.swift; sourceTree = "<group>"; };
		CB3193CF1D56CF8D00A36C51 /* C686.swift */ = {isa = PBXFileReference; fileEncoding = 4; lastKnownFileType = sourcecode.swift; path = C686.swift; sourceTree = "<group>"; };
		CB3193D01D56CF8D00A36C51 /* C687.swift */ = {isa = PBXFileReference; fileEncoding = 4; lastKnownFileType = sourcecode.swift; path = C687.swift; sourceTree = "<group>"; };
		CB3193D11D56CF8D00A36C51 /* C689.swift */ = {isa = PBXFileReference; fileEncoding = 4; lastKnownFileType = sourcecode.swift; path = C689.swift; sourceTree = "<group>"; };
		CB3193D21D56CF8D00A36C51 /* C690.swift */ = {isa = PBXFileReference; fileEncoding = 4; lastKnownFileType = sourcecode.swift; path = C690.swift; sourceTree = "<group>"; };
		CB3193D31D56CF8D00A36C51 /* C691.swift */ = {isa = PBXFileReference; fileEncoding = 4; lastKnownFileType = sourcecode.swift; path = C691.swift; sourceTree = "<group>"; };
		CB3193D41D56CF8D00A36C51 /* C692.swift */ = {isa = PBXFileReference; fileEncoding = 4; lastKnownFileType = sourcecode.swift; path = C692.swift; sourceTree = "<group>"; };
		CB3193D51D56CF8D00A36C51 /* C693.swift */ = {isa = PBXFileReference; fileEncoding = 4; lastKnownFileType = sourcecode.swift; path = C693.swift; sourceTree = "<group>"; };
		CB3193D61D56CF8D00A36C51 /* C694.swift */ = {isa = PBXFileReference; fileEncoding = 4; lastKnownFileType = sourcecode.swift; path = C694.swift; sourceTree = "<group>"; };
		CB3193D71D56CF8D00A36C51 /* C695.swift */ = {isa = PBXFileReference; fileEncoding = 4; lastKnownFileType = sourcecode.swift; path = C695.swift; sourceTree = "<group>"; };
		CB3193D81D56CF8D00A36C51 /* C696.swift */ = {isa = PBXFileReference; fileEncoding = 4; lastKnownFileType = sourcecode.swift; path = C696.swift; sourceTree = "<group>"; };
		CB3193D91D56CF8D00A36C51 /* C700.swift */ = {isa = PBXFileReference; fileEncoding = 4; lastKnownFileType = sourcecode.swift; path = C700.swift; sourceTree = "<group>"; };
		CB3193DA1D56CF8D00A36C51 /* C701.swift */ = {isa = PBXFileReference; fileEncoding = 4; lastKnownFileType = sourcecode.swift; path = C701.swift; sourceTree = "<group>"; };
		CB3193DB1D56CF8D00A36C51 /* C901.swift */ = {isa = PBXFileReference; fileEncoding = 4; lastKnownFileType = sourcecode.swift; path = C901.swift; sourceTree = "<group>"; };
		CB3193DC1D56CF8D00A36C51 /* C957.swift */ = {isa = PBXFileReference; fileEncoding = 4; lastKnownFileType = sourcecode.swift; path = C957.swift; sourceTree = "<group>"; };
		CB3193DD1D56CF8D00A36C51 /* C959.swift */ = {isa = PBXFileReference; fileEncoding = 4; lastKnownFileType = sourcecode.swift; path = C959.swift; sourceTree = "<group>"; };
		CB3193DE1D56CF8D00A36C51 /* C967.swift */ = {isa = PBXFileReference; fileEncoding = 4; lastKnownFileType = sourcecode.swift; path = C967.swift; sourceTree = "<group>"; };
		CB3193DF1D56CF8D00A36C51 /* C977.swift */ = {isa = PBXFileReference; fileEncoding = 4; lastKnownFileType = sourcecode.swift; path = C977.swift; sourceTree = "<group>"; };
		CB3193E01D56CF8D00A36C51 /* C978.swift */ = {isa = PBXFileReference; fileEncoding = 4; lastKnownFileType = sourcecode.swift; path = C978.swift; sourceTree = "<group>"; };
		CB3193E11D56CF8D00A36C51 /* C980.swift */ = {isa = PBXFileReference; fileEncoding = 4; lastKnownFileType = sourcecode.swift; path = C980.swift; sourceTree = "<group>"; };
		CB3193E21D56CF8D00A36C51 /* C981.swift */ = {isa = PBXFileReference; fileEncoding = 4; lastKnownFileType = sourcecode.swift; path = C981.swift; sourceTree = "<group>"; };
		CB3193E31D56CF8D00A36C51 /* C982.swift */ = {isa = PBXFileReference; fileEncoding = 4; lastKnownFileType = sourcecode.swift; path = C982.swift; sourceTree = "<group>"; };
		CB3193E41D56CF8D00A36C51 /* C983.swift */ = {isa = PBXFileReference; fileEncoding = 4; lastKnownFileType = sourcecode.swift; path = C983.swift; sourceTree = "<group>"; };
		CB3193E51D56CF8D00A36C51 /* C984.swift */ = {isa = PBXFileReference; fileEncoding = 4; lastKnownFileType = sourcecode.swift; path = C984.swift; sourceTree = "<group>"; };
		CB3193E61D56CF8D00A36C51 /* C986.swift */ = {isa = PBXFileReference; fileEncoding = 4; lastKnownFileType = sourcecode.swift; path = C986.swift; sourceTree = "<group>"; };
		CB3193E71D56CF8D00A36C51 /* C988.swift */ = {isa = PBXFileReference; fileEncoding = 4; lastKnownFileType = sourcecode.swift; path = C988.swift; sourceTree = "<group>"; };
		CB3193E81D56CF8D00A36C51 /* C991.swift */ = {isa = PBXFileReference; fileEncoding = 4; lastKnownFileType = sourcecode.swift; path = C991.swift; sourceTree = "<group>"; };
		CB3193E91D56CF8D00A36C51 /* C992.swift */ = {isa = PBXFileReference; fileEncoding = 4; lastKnownFileType = sourcecode.swift; path = C992.swift; sourceTree = "<group>"; };
		CB3193EA1D56CF8D00A36C51 /* C993.swift */ = {isa = PBXFileReference; fileEncoding = 4; lastKnownFileType = sourcecode.swift; path = C993.swift; sourceTree = "<group>"; };
		CB3193EB1D56CF8D00A36C51 /* C994.swift */ = {isa = PBXFileReference; fileEncoding = 4; lastKnownFileType = sourcecode.swift; path = C994.swift; sourceTree = "<group>"; };
		CB3193EC1D56CF8D00A36C51 /* C997.swift */ = {isa = PBXFileReference; fileEncoding = 4; lastKnownFileType = sourcecode.swift; path = C997.swift; sourceTree = "<group>"; };
		CB3193ED1D56CF8D00A36C51 /* C998.swift */ = {isa = PBXFileReference; fileEncoding = 4; lastKnownFileType = sourcecode.swift; path = C998.swift; sourceTree = "<group>"; };
		CB3193EE1D56CF8D00A36C51 /* Cxxx.swift */ = {isa = PBXFileReference; fileEncoding = 4; lastKnownFileType = sourcecode.swift; path = Cxxx.swift; sourceTree = "<group>"; };
		CB3193EF1D56CF8D00A36C51 /* S002.swift */ = {isa = PBXFileReference; fileEncoding = 4; lastKnownFileType = sourcecode.swift; path = S002.swift; sourceTree = "<group>"; };
		CB3193F01D56CF8D00A36C51 /* S003.swift */ = {isa = PBXFileReference; fileEncoding = 4; lastKnownFileType = sourcecode.swift; path = S003.swift; sourceTree = "<group>"; };
		CB3193F11D56CF8D00A36C51 /* S009.swift */ = {isa = PBXFileReference; fileEncoding = 4; lastKnownFileType = sourcecode.swift; path = S009.swift; sourceTree = "<group>"; };
		CB3193F21D56CF8D00A36C51 /* S010.swift */ = {isa = PBXFileReference; fileEncoding = 4; lastKnownFileType = sourcecode.swift; path = S010.swift; sourceTree = "<group>"; };
		CB3193F31D56CF8D00A36C51 /* S011.swift */ = {isa = PBXFileReference; fileEncoding = 4; lastKnownFileType = sourcecode.swift; path = S011.swift; sourceTree = "<group>"; };
		CB3193F41D56CF8D00A36C51 /* S300.swift */ = {isa = PBXFileReference; fileEncoding = 4; lastKnownFileType = sourcecode.swift; path = S300.swift; sourceTree = "<group>"; };
		CB3193F51D56CF8D00A36C51 /* S301.swift */ = {isa = PBXFileReference; fileEncoding = 4; lastKnownFileType = sourcecode.swift; path = S301.swift; sourceTree = "<group>"; };
		CB3193F61D56CF8D00A36C51 /* S302.swift */ = {isa = PBXFileReference; fileEncoding = 4; lastKnownFileType = sourcecode.swift; path = S302.swift; sourceTree = "<group>"; };
		CB917C0C1CE97E5800671281 /* SwiftEDI */ = {isa = PBXFileReference; explicitFileType = "compiled.mach-o.executable"; includeInIndex = 0; path = SwiftEDI; sourceTree = BUILT_PRODUCTS_DIR; };
		CB917C0F1CE97E5800671281 /* main.swift */ = {isa = PBXFileReference; lastKnownFileType = sourcecode.swift; path = main.swift; sourceTree = "<group>"; };
		CBA24D6B1D07C3D000F9CB19 /* AAI.swift */ = {isa = PBXFileReference; fileEncoding = 4; lastKnownFileType = sourcecode.swift; path = AAI.swift; sourceTree = "<group>"; };
		CBA24D6C1D07C3D000F9CB19 /* ABI.swift */ = {isa = PBXFileReference; fileEncoding = 4; lastKnownFileType = sourcecode.swift; path = ABI.swift; sourceTree = "<group>"; };
		CBA24D6F1D07CA2600F9CB19 /* Segment.swift */ = {isa = PBXFileReference; fileEncoding = 4; lastKnownFileType = sourcecode.swift; path = Segment.swift; sourceTree = "<group>"; xcLanguageSpecificationIdentifier = xcode.lang.swift; };
		CBA25B131D16377500F9CB19 /* PADIS_CompositesSwift.txt */ = {isa = PBXFileReference; fileEncoding = 4; lastKnownFileType = text; path = PADIS_CompositesSwift.txt; sourceTree = "<group>"; };
		CBB32B6D1CEE751D0024AC88 /* Composite.swift */ = {isa = PBXFileReference; fileEncoding = 4; lastKnownFileType = sourcecode.swift; path = Composite.swift; sourceTree = "<group>"; };
		CBF4F2CF1D2F53AD00BFBFE7 /* SwiftEDI-Bridging-Header.h */ = {isa = PBXFileReference; lastKnownFileType = sourcecode.c.h; path = "SwiftEDI-Bridging-Header.h"; sourceTree = "<group>"; };
/* End PBXFileReference section */

/* Begin PBXFrameworksBuildPhase section */
		CB917C091CE97E5800671281 /* Frameworks */ = {
			isa = PBXFrameworksBuildPhase;
			buildActionMask = 2147483647;
			files = (
			);
			runOnlyForDeploymentPostprocessing = 0;
		};
/* End PBXFrameworksBuildPhase section */

/* Begin PBXGroup section */
		CB917C031CE97E5800671281 = {
			isa = PBXGroup;
			children = (
				CB3193371D56CF8D00A36C51 /* C012.swift */,
				CB3193381D56CF8D00A36C51 /* C013.swift */,
				CB3193391D56CF8D00A36C51 /* C014.swift */,
				CB31933A1D56CF8D00A36C51 /* C015.swift */,
				CB31933B1D56CF8D00A36C51 /* C016.swift */,
				CB31933C1D56CF8D00A36C51 /* C017.swift */,
				CB31933D1D56CF8D00A36C51 /* C018.swift */,
				CB31933E1D56CF8D00A36C51 /* C019.swift */,
				CB31933F1D56CF8D00A36C51 /* C020.swift */,
				CB3193401D56CF8D00A36C51 /* C021.swift */,
				CB3193411D56CF8D00A36C51 /* C022.swift */,
				CB3193421D56CF8D00A36C51 /* C023.swift */,
				CB3193431D56CF8D00A36C51 /* C024.swift */,
				CB3193441D56CF8D00A36C51 /* C025.swift */,
				CB3193451D56CF8D00A36C51 /* C026.swift */,
				CB3193461D56CF8D00A36C51 /* C027.swift */,
				CB3193471D56CF8D00A36C51 /* C028.swift */,
				CB3193481D56CF8D00A36C51 /* C029.swift */,
				CB3193491D56CF8D00A36C51 /* C030.swift */,
				CB31934A1D56CF8D00A36C51 /* C031.swift */,
				CB31934B1D56CF8D00A36C51 /* C032.swift */,
				CB31934C1D56CF8D00A36C51 /* C034.swift */,
				CB31934D1D56CF8D00A36C51 /* C035.swift */,
				CB31934E1D56CF8D00A36C51 /* C036.swift */,
				CB31934F1D56CF8D00A36C51 /* C037.swift */,
				CB3193501D56CF8D00A36C51 /* C039.swift */,
				CB3193511D56CF8D00A36C51 /* C041.swift */,
				CB3193521D56CF8D00A36C51 /* C042.swift */,
				CB3193531D56CF8D00A36C51 /* C043.swift */,
				CB3193541D56CF8D00A36C51 /* C044.swift */,
				CB3193551D56CF8D00A36C51 /* C045.swift */,
				CB3193561D56CF8D00A36C51 /* C046.swift */,
				CB3193571D56CF8D00A36C51 /* C047.swift */,
				CB3193581D56CF8D00A36C51 /* C048.swift */,
				CB3193591D56CF8D00A36C51 /* C049.swift */,
				CB31935A1D56CF8D00A36C51 /* C052.swift */,
				CB31935B1D56CF8D00A36C51 /* C053.swift */,
				CB31935C1D56CF8D00A36C51 /* C055.swift */,
				CB31935D1D56CF8D00A36C51 /* C056.swift */,
				CB31935E1D56CF8D00A36C51 /* C057.swift */,
				CB31935F1D56CF8D00A36C51 /* C058.swift */,
				CB3193601D56CF8D00A36C51 /* C058Un.swift */,
				CB3193611D56CF8D00A36C51 /* C059.swift */,
				CB3193621D56CF8D00A36C51 /* C059Un.swift */,
				CB3193631D56CF8D00A36C51 /* C060.swift */,
				CB3193641D56CF8D00A36C51 /* C080.swift */,
				CB3193651D56CF8D00A36C51 /* C082.swift */,
				CB3193661D56CF8D00A36C51 /* C174.swift */,
				CB3193671D56CF8D00A36C51 /* C186.swift */,
				CB3193681D56CF8D00A36C51 /* C205.swift */,
				CB3193691D56CF8D00A36C51 /* C206.swift */,
				CB31936A1D56CF8D00A36C51 /* C211.swift */,
				CB31936B1D56CF8D00A36C51 /* C212.swift */,
				CB31936C1D56CF8D00A36C51 /* C224.swift */,
				CB31936D1D56CF8D00A36C51 /* C235.swift */,
				CB31936E1D56CF8D00A36C51 /* C237.swift */,
				CB31936F1D56CF8D00A36C51 /* C273.swift */,
				CB3193701D56CF8D00A36C51 /* C280.swift */,
				CB3193711D56CF8D00A36C51 /* C300.swift */,
				CB3193721D56CF8D00A36C51 /* C302.swift */,
				CB3193731D56CF8D00A36C51 /* C304.swift */,
				CB3193741D56CF8D00A36C51 /* C306.swift */,
				CB3193751D56CF8D00A36C51 /* C308.swift */,
				CB3193761D56CF8D00A36C51 /* C309.swift */,
				CB3193771D56CF8D00A36C51 /* C310.swift */,
				CB3193781D56CF8D00A36C51 /* C311.swift */,
				CB3193791D56CF8D00A36C51 /* C312.swift */,
				CB31937A1D56CF8D00A36C51 /* C314.swift */,
				CB31937B1D56CF8D00A36C51 /* C317.swift */,
				CB31937C1D56CF8D00A36C51 /* C318.swift */,
				CB31937D1D56CF8D00A36C51 /* C320.swift */,
				CB31937E1D56CF8D00A36C51 /* C322.swift */,
				CB31937F1D56CF8D00A36C51 /* C323.swift */,
				CB3193801D56CF8D00A36C51 /* C324.swift */,
				CB3193811D56CF8D00A36C51 /* C326.swift */,
				CB3193821D56CF8D00A36C51 /* C328.swift */,
				CB3193831D56CF8D00A36C51 /* C330.swift */,
				CB3193841D56CF8D00A36C51 /* C332.swift */,
				CB3193851D56CF8D00A36C51 /* C334.swift */,
				CB3193861D56CF8D00A36C51 /* C336.swift */,
				CB3193871D56CF8D00A36C51 /* C337.swift */,
				CB3193881D56CF8D00A36C51 /* C338.swift */,
				CB3193891D56CF8D00A36C51 /* C340.swift */,
				CB31938A1D56CF8D00A36C51 /* C342.swift */,
				CB31938B1D56CF8D00A36C51 /* C344.swift */,
				CB31938C1D56CF8D00A36C51 /* C346.swift */,
				CB31938D1D56CF8D00A36C51 /* C348.swift */,
				CB31938E1D56CF8D00A36C51 /* C350.swift */,
				CB31938F1D56CF8D00A36C51 /* C351.swift */,
				CB3193901D56CF8D00A36C51 /* C352.swift */,
				CB3193911D56CF8D00A36C51 /* C353.swift */,
				CB3193921D56CF8D00A36C51 /* C354.swift */,
				CB3193931D56CF8D00A36C51 /* C355.swift */,
				CB3193941D56CF8D00A36C51 /* C356.swift */,
				CB3193951D56CF8D00A36C51 /* C358.swift */,
				CB3193961D56CF8D00A36C51 /* C359.swift */,
				CB3193971D56CF8D00A36C51 /* C360.swift */,
				CB3193981D56CF8D00A36C51 /* C361.swift */,
				CB3193991D56CF8D00A36C51 /* C362.swift */,
				CB31939A1D56CF8D00A36C51 /* C366.swift */,
				CB31939B1D56CF8D00A36C51 /* C368.swift */,
				CB31939C1D56CF8D00A36C51 /* C369.swift */,
				CB31939D1D56CF8D00A36C51 /* C370.swift */,
				CB31939E1D56CF8D00A36C51 /* C374.swift */,
				CB31939F1D56CF8D00A36C51 /* C502.swift */,
				CB3193A01D56CF8D00A36C51 /* C507.swift */,
				CB3193A11D56CF8D00A36C51 /* C517.swift */,
				CB3193A21D56CF8D00A36C51 /* C523.swift */,
				CB3193A31D56CF8D00A36C51 /* C640.swift */,
				CB3193A41D56CF8D00A36C51 /* C641.swift */,
				CB3193A51D56CF8D00A36C51 /* C642.swift */,
				CB3193A61D56CF8D00A36C51 /* C643.swift */,
				CB3193A71D56CF8D00A36C51 /* C644.swift */,
				CB3193A81D56CF8D00A36C51 /* C645.swift */,
				CB3193A91D56CF8D00A36C51 /* C646.swift */,
				CB3193AA1D56CF8D00A36C51 /* C647.swift */,
				CB3193AB1D56CF8D00A36C51 /* C648.swift */,
				CB3193AC1D56CF8D00A36C51 /* C649.swift */,
				CB3193AD1D56CF8D00A36C51 /* C650.swift */,
				CB3193AE1D56CF8D00A36C51 /* C651.swift */,
				CB3193AF1D56CF8D00A36C51 /* C652.swift */,
				CB3193B01D56CF8D00A36C51 /* C653.swift */,
				CB3193B11D56CF8D00A36C51 /* C654.swift */,
				CB3193B21D56CF8D00A36C51 /* C655.swift */,
				CB3193B31D56CF8D00A36C51 /* C656.swift */,
				CB3193B41D56CF8D00A36C51 /* C657.swift */,
				CB3193B51D56CF8D00A36C51 /* C658.swift */,
				CB3193B61D56CF8D00A36C51 /* C659.swift */,
				CB3193B71D56CF8D00A36C51 /* C660.swift */,
				CB3193B81D56CF8D00A36C51 /* C661.swift */,
				CB3193B91D56CF8D00A36C51 /* C662.swift */,
				CB3193BA1D56CF8D00A36C51 /* C663.swift */,
				CB3193BB1D56CF8D00A36C51 /* C664.swift */,
				CB3193BC1D56CF8D00A36C51 /* C665.swift */,
				CB3193BD1D56CF8D00A36C51 /* C666.swift */,
				CB3193BE1D56CF8D00A36C51 /* C667.swift */,
				CB3193BF1D56CF8D00A36C51 /* C668.swift */,
				CB3193C01D56CF8D00A36C51 /* C669.swift */,
				CB3193C11D56CF8D00A36C51 /* C670.swift */,
				CB3193C21D56CF8D00A36C51 /* C671.swift */,
				CB3193C31D56CF8D00A36C51 /* C672.swift */,
				CB3193C41D56CF8D00A36C51 /* C673.swift */,
				CB3193C51D56CF8D00A36C51 /* C674.swift */,
				CB3193C61D56CF8D00A36C51 /* C675.swift */,
				CB3193C71D56CF8D00A36C51 /* C677.swift */,
				CB3193C81D56CF8D00A36C51 /* C678.swift */,
				CB3193C91D56CF8D00A36C51 /* C679.swift */,
				CB3193CA1D56CF8D00A36C51 /* C680.swift */,
				CB3193CB1D56CF8D00A36C51 /* C681.swift */,
				CB3193CC1D56CF8D00A36C51 /* C682.swift */,
				CB3193CD1D56CF8D00A36C51 /* C683.swift */,
				CB3193CE1D56CF8D00A36C51 /* C684.swift */,
				CB3193CF1D56CF8D00A36C51 /* C686.swift */,
				CB3193D01D56CF8D00A36C51 /* C687.swift */,
				CB3193D11D56CF8D00A36C51 /* C689.swift */,
				CB3193D21D56CF8D00A36C51 /* C690.swift */,
				CB3193D31D56CF8D00A36C51 /* C691.swift */,
				CB3193D41D56CF8D00A36C51 /* C692.swift */,
				CB3193D51D56CF8D00A36C51 /* C693.swift */,
				CB3193D61D56CF8D00A36C51 /* C694.swift */,
				CB3193D71D56CF8D00A36C51 /* C695.swift */,
				CB3193D81D56CF8D00A36C51 /* C696.swift */,
				CB3193D91D56CF8D00A36C51 /* C700.swift */,
				CB3193DA1D56CF8D00A36C51 /* C701.swift */,
				CB3193DB1D56CF8D00A36C51 /* C901.swift */,
				CB3193DC1D56CF8D00A36C51 /* C957.swift */,
				CB3193DD1D56CF8D00A36C51 /* C959.swift */,
				CB3193DE1D56CF8D00A36C51 /* C967.swift */,
				CB3193DF1D56CF8D00A36C51 /* C977.swift */,
				CB3193E01D56CF8D00A36C51 /* C978.swift */,
				CB3193E11D56CF8D00A36C51 /* C980.swift */,
				CB3193E21D56CF8D00A36C51 /* C981.swift */,
				CB3193E31D56CF8D00A36C51 /* C982.swift */,
				CB3193E41D56CF8D00A36C51 /* C983.swift */,
				CB3193E51D56CF8D00A36C51 /* C984.swift */,
				CB3193E61D56CF8D00A36C51 /* C986.swift */,
				CB3193E71D56CF8D00A36C51 /* C988.swift */,
				CB3193E81D56CF8D00A36C51 /* C991.swift */,
				CB3193E91D56CF8D00A36C51 /* C992.swift */,
				CB3193EA1D56CF8D00A36C51 /* C993.swift */,
				CB3193EB1D56CF8D00A36C51 /* C994.swift */,
				CB3193EC1D56CF8D00A36C51 /* C997.swift */,
				CB3193ED1D56CF8D00A36C51 /* C998.swift */,
				CB3193EE1D56CF8D00A36C51 /* Cxxx.swift */,
				CB3193EF1D56CF8D00A36C51 /* S002.swift */,
				CB3193F01D56CF8D00A36C51 /* S003.swift */,
				CB3193F11D56CF8D00A36C51 /* S009.swift */,
				CB3193F21D56CF8D00A36C51 /* S010.swift */,
				CB3193F31D56CF8D00A36C51 /* S011.swift */,
				CB3193F41D56CF8D00A36C51 /* S300.swift */,
				CB3193F51D56CF8D00A36C51 /* S301.swift */,
				CB3193F61D56CF8D00A36C51 /* S302.swift */,
				CBF4F2CF1D2F53AD00BFBFE7 /* SwiftEDI-Bridging-Header.h */,
				CBA25B131D16377500F9CB19 /* PADIS_CompositesSwift.txt */,
				CBA24D6F1D07CA2600F9CB19 /* Segment.swift */,
				CBA24D6B1D07C3D000F9CB19 /* AAI.swift */,
				CBA24D6C1D07C3D000F9CB19 /* ABI.swift */,
				CBB32B6D1CEE751D0024AC88 /* Composite.swift */,
				CB917C0E1CE97E5800671281 /* SwiftEDI */,
				CB917C0D1CE97E5800671281 /* Products */,
			);
			sourceTree = "<group>";
		};
		CB917C0D1CE97E5800671281 /* Products */ = {
			isa = PBXGroup;
			children = (
				CB917C0C1CE97E5800671281 /* SwiftEDI */,
			);
			name = Products;
			sourceTree = "<group>";
		};
		CB917C0E1CE97E5800671281 /* SwiftEDI */ = {
			isa = PBXGroup;
			children = (
				CB917C0F1CE97E5800671281 /* main.swift */,
			);
			path = SwiftEDI;
			sourceTree = "<group>";
		};
/* End PBXGroup section */

/* Begin PBXNativeTarget section */
		CB917C0B1CE97E5800671281 /* SwiftEDI */ = {
			isa = PBXNativeTarget;
			buildConfigurationList = CB917C131CE97E5800671281 /* Build configuration list for PBXNativeTarget "SwiftEDI" */;
			buildPhases = (
				CB917C081CE97E5800671281 /* Sources */,
				CB917C091CE97E5800671281 /* Frameworks */,
				CB917C0A1CE97E5800671281 /* CopyFiles */,
			);
			buildRules = (
			);
			dependencies = (
			);
			name = SwiftEDI;
			productName = SwiftEDI;
			productReference = CB917C0C1CE97E5800671281 /* SwiftEDI */;
			productType = "com.apple.product-type.tool";
		};
/* End PBXNativeTarget section */

/* Begin PBXProject section */
		CB917C041CE97E5800671281 /* Project object */ = {
			isa = PBXProject;
			attributes = {
				LastSwiftUpdateCheck = 0730;
				LastUpgradeCheck = 0730;
				ORGANIZATIONNAME = "Larry McGee";
				TargetAttributes = {
					CB917C0B1CE97E5800671281 = {
						CreatedOnToolsVersion = 7.3;
					};
				};
			};
			buildConfigurationList = CB917C071CE97E5800671281 /* Build configuration list for PBXProject "SwiftEDI" */;
			compatibilityVersion = "Xcode 3.2";
			developmentRegion = English;
			hasScannedForEncodings = 0;
			knownRegions = (
				en,
			);
			mainGroup = CB917C031CE97E5800671281;
			productRefGroup = CB917C0D1CE97E5800671281 /* Products */;
			projectDirPath = "";
			projectRoot = "";
			targets = (
				CB917C0B1CE97E5800671281 /* SwiftEDI */,
			);
		};
/* End PBXProject section */

/* Begin PBXSourcesBuildPhase section */
		CB917C081CE97E5800671281 /* Sources */ = {
			isa = PBXSourcesBuildPhase;
			buildActionMask = 2147483647;
			files = (
				CB3194681D56CF8D00A36C51 /* C645.swift in Sources */,
				CB3194061D56CF8D00A36C51 /* C027.swift in Sources */,
				CB3194031D56CF8D00A36C51 /* C024.swift in Sources */,
				CB3194941D56CF8D00A36C51 /* C692.swift in Sources */,
				CB3194B41D56CF8D00A36C51 /* S300.swift in Sources */,
				CB31944A1D56CF8D00A36C51 /* C342.swift in Sources */,
				CB3194221D56CF8D00A36C51 /* C059Un.swift in Sources */,
				CB31941E1D56CF8D00A36C51 /* C057.swift in Sources */,
				CB31942E1D56CF8D00A36C51 /* C237.swift in Sources */,
				CB3194861D56CF8D00A36C51 /* C675.swift in Sources */,
				CB3193FF1D56CF8D00A36C51 /* C020.swift in Sources */,
				CB31940E1D56CF8D00A36C51 /* C036.swift in Sources */,
				CB3194AC1D56CF8D00A36C51 /* C997.swift in Sources */,
				CB3194091D56CF8D00A36C51 /* C030.swift in Sources */,
				CB3194461D56CF8D00A36C51 /* C336.swift in Sources */,
				CB31945E1D56CF8D00A36C51 /* C374.swift in Sources */,
				CB31945D1D56CF8D00A36C51 /* C370.swift in Sources */,
				CB31949D1D56CF8D00A36C51 /* C959.swift in Sources */,
				CB3194B11D56CF8D00A36C51 /* S009.swift in Sources */,
				CB3194421D56CF8D00A36C51 /* C328.swift in Sources */,
				CB3194701D56CF8D00A36C51 /* C653.swift in Sources */,
				CB31943F1D56CF8D00A36C51 /* C323.swift in Sources */,
				CB3194771D56CF8D00A36C51 /* C660.swift in Sources */,
				CB3194121D56CF8D00A36C51 /* C042.swift in Sources */,
				CB31944E1D56CF8D00A36C51 /* C350.swift in Sources */,
				CB3193FA1D56CF8D00A36C51 /* C015.swift in Sources */,
				CB3194171D56CF8D00A36C51 /* C047.swift in Sources */,
				CB31943B1D56CF8D00A36C51 /* C317.swift in Sources */,
				CB31946B1D56CF8D00A36C51 /* C648.swift in Sources */,
				CB3194831D56CF8D00A36C51 /* C672.swift in Sources */,
				CB3194491D56CF8D00A36C51 /* C340.swift in Sources */,
				CB31940B1D56CF8D00A36C51 /* C032.swift in Sources */,
				CB3194161D56CF8D00A36C51 /* C046.swift in Sources */,
				CB31946C1D56CF8D00A36C51 /* C649.swift in Sources */,
				CB31944C1D56CF8D00A36C51 /* C346.swift in Sources */,
				CB3194691D56CF8D00A36C51 /* C646.swift in Sources */,
				CB31943E1D56CF8D00A36C51 /* C322.swift in Sources */,
				CB31943C1D56CF8D00A36C51 /* C318.swift in Sources */,
				CBA24D6E1D07C3D000F9CB19 /* ABI.swift in Sources */,
				CB31949C1D56CF8D00A36C51 /* C957.swift in Sources */,
				CB3194371D56CF8D00A36C51 /* C310.swift in Sources */,
				CB3194AB1D56CF8D00A36C51 /* C994.swift in Sources */,
				CB3194801D56CF8D00A36C51 /* C669.swift in Sources */,
				CB3194571D56CF8D00A36C51 /* C360.swift in Sources */,
				CB3194411D56CF8D00A36C51 /* C326.swift in Sources */,
				CB31949F1D56CF8D00A36C51 /* C977.swift in Sources */,
				CB3194001D56CF8D00A36C51 /* C021.swift in Sources */,
				CB3194741D56CF8D00A36C51 /* C657.swift in Sources */,
				CB3194521D56CF8D00A36C51 /* C354.swift in Sources */,
				CB31942C1D56CF8D00A36C51 /* C224.swift in Sources */,
				CB3194201D56CF8D00A36C51 /* C058Un.swift in Sources */,
				CB3194751D56CF8D00A36C51 /* C658.swift in Sources */,
				CB3194041D56CF8D00A36C51 /* C025.swift in Sources */,
				CBA24D6D1D07C3D000F9CB19 /* AAI.swift in Sources */,
				CB3194821D56CF8D00A36C51 /* C671.swift in Sources */,
				CB31941B1D56CF8D00A36C51 /* C053.swift in Sources */,
				CB3194561D56CF8D00A36C51 /* C359.swift in Sources */,
				CB3194A21D56CF8D00A36C51 /* C981.swift in Sources */,
				CB3194721D56CF8D00A36C51 /* C655.swift in Sources */,
				CB3194181D56CF8D00A36C51 /* C048.swift in Sources */,
				CB3194621D56CF8D00A36C51 /* C523.swift in Sources */,
				CB31947A1D56CF8D00A36C51 /* C663.swift in Sources */,
				CB3194141D56CF8D00A36C51 /* C044.swift in Sources */,
				CB3194241D56CF8D00A36C51 /* C080.swift in Sources */,
				CB31944F1D56CF8D00A36C51 /* C351.swift in Sources */,
				CB3194071D56CF8D00A36C51 /* C028.swift in Sources */,
				CB3193FC1D56CF8D00A36C51 /* C017.swift in Sources */,
				CB31940D1D56CF8D00A36C51 /* C035.swift in Sources */,
				CB3194781D56CF8D00A36C51 /* C661.swift in Sources */,
				CB31949A1D56CF8D00A36C51 /* C701.swift in Sources */,
				CB31948F1D56CF8D00A36C51 /* C686.swift in Sources */,
				CB3194051D56CF8D00A36C51 /* C026.swift in Sources */,
				CB3194271D56CF8D00A36C51 /* C186.swift in Sources */,
				CB3193FB1D56CF8D00A36C51 /* C016.swift in Sources */,
				CB3194341D56CF8D00A36C51 /* C306.swift in Sources */,
				CB3194021D56CF8D00A36C51 /* C023.swift in Sources */,
				CB3194301D56CF8D00A36C51 /* C280.swift in Sources */,
				CB3194361D56CF8D00A36C51 /* C309.swift in Sources */,
				CB31949B1D56CF8D00A36C51 /* C901.swift in Sources */,
				CB3194841D56CF8D00A36C51 /* C673.swift in Sources */,
				CB3194791D56CF8D00A36C51 /* C662.swift in Sources */,
				CB3193FE1D56CF8D00A36C51 /* C019.swift in Sources */,
				CB3194891D56CF8D00A36C51 /* C679.swift in Sources */,
				CB3194731D56CF8D00A36C51 /* C656.swift in Sources */,
				CB3194551D56CF8D00A36C51 /* C358.swift in Sources */,
				CB3194401D56CF8D00A36C51 /* C324.swift in Sources */,
				CB3194501D56CF8D00A36C51 /* C352.swift in Sources */,
				CB31942D1D56CF8D00A36C51 /* C235.swift in Sources */,
				CB3194A91D56CF8D00A36C51 /* C992.swift in Sources */,
				CB31940F1D56CF8D00A36C51 /* C037.swift in Sources */,
				CBB32B6E1CEE751D0024AC88 /* Composite.swift in Sources */,
				CB3194AE1D56CF8D00A36C51 /* Cxxx.swift in Sources */,
				CB3194911D56CF8D00A36C51 /* C689.swift in Sources */,
				CB31947B1D56CF8D00A36C51 /* C664.swift in Sources */,
				CB3193F71D56CF8D00A36C51 /* C012.swift in Sources */,
				CB31946E1D56CF8D00A36C51 /* C651.swift in Sources */,
				CB3194961D56CF8D00A36C51 /* C694.swift in Sources */,
				CB31945B1D56CF8D00A36C51 /* C368.swift in Sources */,
				CB31940C1D56CF8D00A36C51 /* C034.swift in Sources */,
				CB3194851D56CF8D00A36C51 /* C674.swift in Sources */,
				CB31942A1D56CF8D00A36C51 /* C211.swift in Sources */,
				CB3194471D56CF8D00A36C51 /* C337.swift in Sources */,
				CB31941F1D56CF8D00A36C51 /* C058.swift in Sources */,
				CB3194711D56CF8D00A36C51 /* C654.swift in Sources */,
				CB3194231D56CF8D00A36C51 /* C060.swift in Sources */,
				CBA24D701D07CA2600F9CB19 /* Segment.swift in Sources */,
				CB3194331D56CF8D00A36C51 /* C304.swift in Sources */,
				CB3193F91D56CF8D00A36C51 /* C014.swift in Sources */,
				CB3194101D56CF8D00A36C51 /* C039.swift in Sources */,
				CB3194011D56CF8D00A36C51 /* C022.swift in Sources */,
				CB31947C1D56CF8D00A36C51 /* C665.swift in Sources */,
				CB3194081D56CF8D00A36C51 /* C029.swift in Sources */,
				CB3194661D56CF8D00A36C51 /* C643.swift in Sources */,
				CB31945F1D56CF8D00A36C51 /* C502.swift in Sources */,
				CB3194671D56CF8D00A36C51 /* C644.swift in Sources */,
				CB31948B1D56CF8D00A36C51 /* C681.swift in Sources */,
				CB31942F1D56CF8D00A36C51 /* C273.swift in Sources */,
				CB3194281D56CF8D00A36C51 /* C205.swift in Sources */,
				CB3194441D56CF8D00A36C51 /* C332.swift in Sources */,
				CB3194951D56CF8D00A36C51 /* C693.swift in Sources */,
				CB3194511D56CF8D00A36C51 /* C353.swift in Sources */,
				CB31941C1D56CF8D00A36C51 /* C055.swift in Sources */,
				CB3194A61D56CF8D00A36C51 /* C986.swift in Sources */,
				CB31945A1D56CF8D00A36C51 /* C366.swift in Sources */,
				CB3194931D56CF8D00A36C51 /* C691.swift in Sources */,
				CB3194641D56CF8D00A36C51 /* C641.swift in Sources */,
				CB31947E1D56CF8D00A36C51 /* C667.swift in Sources */,
				CB3194151D56CF8D00A36C51 /* C045.swift in Sources */,
				CB3194B51D56CF8D00A36C51 /* S301.swift in Sources */,
				CB3194211D56CF8D00A36C51 /* C059.swift in Sources */,
				CB3194A11D56CF8D00A36C51 /* C980.swift in Sources */,
				CB3194AA1D56CF8D00A36C51 /* C993.swift in Sources */,
				CB31941D1D56CF8D00A36C51 /* C056.swift in Sources */,
				CB3193FD1D56CF8D00A36C51 /* C018.swift in Sources */,
				CB3194A51D56CF8D00A36C51 /* C984.swift in Sources */,
				CB31941A1D56CF8D00A36C51 /* C052.swift in Sources */,
				CB3194A41D56CF8D00A36C51 /* C983.swift in Sources */,
				CB3194921D56CF8D00A36C51 /* C690.swift in Sources */,
				CB31946A1D56CF8D00A36C51 /* C647.swift in Sources */,
				CB917C101CE97E5800671281 /* main.swift in Sources */,
				CB3194321D56CF8D00A36C51 /* C302.swift in Sources */,
				CB3194871D56CF8D00A36C51 /* C677.swift in Sources */,
				CB3194611D56CF8D00A36C51 /* C517.swift in Sources */,
				CB31946D1D56CF8D00A36C51 /* C650.swift in Sources */,
				CB31948C1D56CF8D00A36C51 /* C682.swift in Sources */,
				CB3194881D56CF8D00A36C51 /* C678.swift in Sources */,
				CB3194971D56CF8D00A36C51 /* C695.swift in Sources */,
				CB3194291D56CF8D00A36C51 /* C206.swift in Sources */,
				CB3194901D56CF8D00A36C51 /* C687.swift in Sources */,
				CB3194251D56CF8D00A36C51 /* C082.swift in Sources */,
				CB31946F1D56CF8D00A36C51 /* C652.swift in Sources */,
				CB31944B1D56CF8D00A36C51 /* C344.swift in Sources */,
				CB3194A31D56CF8D00A36C51 /* C982.swift in Sources */,
				CB31945C1D56CF8D00A36C51 /* C369.swift in Sources */,
				CB31947D1D56CF8D00A36C51 /* C666.swift in Sources */,
				CB3194811D56CF8D00A36C51 /* C670.swift in Sources */,
				CB3194591D56CF8D00A36C51 /* C362.swift in Sources */,
				CB31944D1D56CF8D00A36C51 /* C348.swift in Sources */,
				CB3194B21D56CF8D00A36C51 /* S010.swift in Sources */,
				CB3194AD1D56CF8D00A36C51 /* C998.swift in Sources */,
				CB31942B1D56CF8D00A36C51 /* C212.swift in Sources */,
				CB3194391D56CF8D00A36C51 /* C312.swift in Sources */,
				CB3194651D56CF8D00A36C51 /* C642.swift in Sources */,
				CB3194581D56CF8D00A36C51 /* C361.swift in Sources */,
				CB3194991D56CF8D00A36C51 /* C700.swift in Sources */,
				CB3194431D56CF8D00A36C51 /* C330.swift in Sources */,
				CB3194601D56CF8D00A36C51 /* C507.swift in Sources */,
				CB3194B61D56CF8D00A36C51 /* S302.swift in Sources */,
				CB31943D1D56CF8D00A36C51 /* C320.swift in Sources */,
				CB3194B01D56CF8D00A36C51 /* S003.swift in Sources */,
				CB3194A81D56CF8D00A36C51 /* C991.swift in Sources */,
				CB31948A1D56CF8D00A36C51 /* C680.swift in Sources */,
				CB3194111D56CF8D00A36C51 /* C041.swift in Sources */,
				CB3194481D56CF8D00A36C51 /* C338.swift in Sources */,
				CB3194A71D56CF8D00A36C51 /* C988.swift in Sources */,
				CB3194A01D56CF8D00A36C51 /* C978.swift in Sources */,
				CB31940A1D56CF8D00A36C51 /* C031.swift in Sources */,
				CB3194B31D56CF8D00A36C51 /* S011.swift in Sources */,
				CB31948D1D56CF8D00A36C51 /* C683.swift in Sources */,
				CB31943A1D56CF8D00A36C51 /* C314.swift in Sources */,
				CB3194981D56CF8D00A36C51 /* C696.swift in Sources */,
				CB31949E1D56CF8D00A36C51 /* C967.swift in Sources */,
				CB3194381D56CF8D00A36C51 /* C311.swift in Sources */,
				CB3194311D56CF8D00A36C51 /* C300.swift in Sources */,
				CB3194541D56CF8D00A36C51 /* C356.swift in Sources */,
				CB31947F1D56CF8D00A36C51 /* C668.swift in Sources */,
				CB3194531D56CF8D00A36C51 /* C355.swift in Sources */,
				CB3194261D56CF8D00A36C51 /* C174.swift in Sources */,
				CB31948E1D56CF8D00A36C51 /* C684.swift in Sources */,
				CB3194631D56CF8D00A36C51 /* C640.swift in Sources */,
				CB3194761D56CF8D00A36C51 /* C659.swift in Sources */,
				CB3194191D56CF8D00A36C51 /* C049.swift in Sources */,
				CB3193F81D56CF8D00A36C51 /* C013.swift in Sources */,
				CB3194131D56CF8D00A36C51 /* C043.swift in Sources */,
				CB3194451D56CF8D00A36C51 /* C334.swift in Sources */,
				CB3194AF1D56CF8D00A36C51 /* S002.swift in Sources */,
				CB3194351D56CF8D00A36C51 /* C308.swift in Sources */,
			);
			runOnlyForDeploymentPostprocessing = 0;
		};
/* End PBXSourcesBuildPhase section */

/* Begin XCBuildConfiguration section */
		CB917C111CE97E5800671281 /* Debug */ = {
			isa = XCBuildConfiguration;
			buildSettings = {
				ALWAYS_SEARCH_USER_PATHS = NO;
				CLANG_ANALYZER_NONNULL = YES;
				CLANG_CXX_LANGUAGE_STANDARD = "gnu++0x";
				CLANG_CXX_LIBRARY = "libc++";
				CLANG_ENABLE_MODULES = YES;
				CLANG_ENABLE_OBJC_ARC = YES;
				CLANG_WARN_BOOL_CONVERSION = YES;
				CLANG_WARN_CONSTANT_CONVERSION = YES;
				CLANG_WARN_DIRECT_OBJC_ISA_USAGE = YES_ERROR;
				CLANG_WARN_EMPTY_BODY = YES;
				CLANG_WARN_ENUM_CONVERSION = YES;
				CLANG_WARN_INT_CONVERSION = YES;
				CLANG_WARN_OBJC_ROOT_CLASS = YES_ERROR;
				CLANG_WARN_UNREACHABLE_CODE = YES;
				CLANG_WARN__DUPLICATE_METHOD_MATCH = YES;
				CODE_SIGN_IDENTITY = "-";
				COPY_PHASE_STRIP = NO;
				DEBUG_INFORMATION_FORMAT = dwarf;
				ENABLE_STRICT_OBJC_MSGSEND = YES;
				ENABLE_TESTABILITY = YES;
				GCC_C_LANGUAGE_STANDARD = gnu99;
				GCC_DYNAMIC_NO_PIC = NO;
				GCC_NO_COMMON_BLOCKS = YES;
				GCC_OPTIMIZATION_LEVEL = 0;
				GCC_PREPROCESSOR_DEFINITIONS = (
					"DEBUG=1",
					"$(inherited)",
				);
				GCC_WARN_64_TO_32_BIT_CONVERSION = YES;
				GCC_WARN_ABOUT_RETURN_TYPE = YES_ERROR;
				GCC_WARN_UNDECLARED_SELECTOR = YES;
				GCC_WARN_UNINITIALIZED_AUTOS = YES_AGGRESSIVE;
				GCC_WARN_UNUSED_FUNCTION = YES;
				GCC_WARN_UNUSED_VARIABLE = YES;
				MACOSX_DEPLOYMENT_TARGET = 10.11;
				MTL_ENABLE_DEBUG_INFO = YES;
				ONLY_ACTIVE_ARCH = YES;
				SDKROOT = macosx;
				SWIFT_OBJC_BRIDGING_HEADER = "/Users/larryEmcgee/StanfordUniversity/SwiftEDI/SwiftEDI-Bridging-Header.h";
				SWIFT_OBJC_INTERFACE_HEADER_NAME = "$(SwiftEDI-Bridge-Swift.h)";
				SWIFT_OPTIMIZATION_LEVEL = "-Onone";
			};
			name = Debug;
		};
		CB917C121CE97E5800671281 /* Release */ = {
			isa = XCBuildConfiguration;
			buildSettings = {
				ALWAYS_SEARCH_USER_PATHS = NO;
				CLANG_ANALYZER_NONNULL = YES;
				CLANG_CXX_LANGUAGE_STANDARD = "gnu++0x";
				CLANG_CXX_LIBRARY = "libc++";
				CLANG_ENABLE_MODULES = YES;
				CLANG_ENABLE_OBJC_ARC = YES;
				CLANG_WARN_BOOL_CONVERSION = YES;
				CLANG_WARN_CONSTANT_CONVERSION = YES;
				CLANG_WARN_DIRECT_OBJC_ISA_USAGE = YES_ERROR;
				CLANG_WARN_EMPTY_BODY = YES;
				CLANG_WARN_ENUM_CONVERSION = YES;
				CLANG_WARN_INT_CONVERSION = YES;
				CLANG_WARN_OBJC_ROOT_CLASS = YES_ERROR;
				CLANG_WARN_UNREACHABLE_CODE = YES;
				CLANG_WARN__DUPLICATE_METHOD_MATCH = YES;
				CODE_SIGN_IDENTITY = "-";
				COPY_PHASE_STRIP = NO;
				DEBUG_INFORMATION_FORMAT = "dwarf-with-dsym";
				ENABLE_NS_ASSERTIONS = NO;
				ENABLE_STRICT_OBJC_MSGSEND = YES;
				GCC_C_LANGUAGE_STANDARD = gnu99;
				GCC_NO_COMMON_BLOCKS = YES;
				GCC_WARN_64_TO_32_BIT_CONVERSION = YES;
				GCC_WARN_ABOUT_RETURN_TYPE = YES_ERROR;
				GCC_WARN_UNDECLARED_SELECTOR = YES;
				GCC_WARN_UNINITIALIZED_AUTOS = YES_AGGRESSIVE;
				GCC_WARN_UNUSED_FUNCTION = YES;
				GCC_WARN_UNUSED_VARIABLE = YES;
				MACOSX_DEPLOYMENT_TARGET = 10.11;
				MTL_ENABLE_DEBUG_INFO = NO;
				SDKROOT = macosx;
				SWIFT_OBJC_BRIDGING_HEADER = "/Users/larryEmcgee/StanfordUniversity/SwiftEDI/SwiftEDI-Bridging-Header.h";
				SWIFT_OBJC_INTERFACE_HEADER_NAME = "$(SwiftEDI-Bridge-Swift.h)";
			};
			name = Release;
		};
		CB917C141CE97E5800671281 /* Debug */ = {
			isa = XCBuildConfiguration;
			buildSettings = {
				PRODUCT_NAME = "$(TARGET_NAME)";
			};
			name = Debug;
		};
		CB917C151CE97E5800671281 /* Release */ = {
			isa = XCBuildConfiguration;
			buildSettings = {
				PRODUCT_NAME = "$(TARGET_NAME)";
			};
			name = Release;
		};
/* End XCBuildConfiguration section */

/* Begin XCConfigurationList section */
		CB917C071CE97E5800671281 /* Build configuration list for PBXProject "SwiftEDI" */ = {
			isa = XCConfigurationList;
			buildConfigurations = (
				CB917C111CE97E5800671281 /* Debug */,
				CB917C121CE97E5800671281 /* Release */,
			);
			defaultConfigurationIsVisible = 0;
			defaultConfigurationName = Release;
		};
		CB917C131CE97E5800671281 /* Build configuration list for PBXNativeTarget "SwiftEDI" */ = {
			isa = XCConfigurationList;
			buildConfigurations = (
				CB917C141CE97E5800671281 /* Debug */,
				CB917C151CE97E5800671281 /* Release */,
			);
			defaultConfigurationIsVisible = 0;
			defaultConfigurationName = Release;
		};
/* End XCConfigurationList section */
	};
	rootObject = CB917C041CE97E5800671281 /* Project object */;
}
